
Microsoft Visual Studio Solution File, Format Version 12.00
# Visual Studio Version 16
VisualStudioVersion = 16.0.30717.126
MinimumVisualStudioVersion = 10.0.40219.1
Project("{2150E333-8FDC-42A3-9474-1A3956D46DE8}") = "Platforms", "Platforms", "{548E69C8-06E8-4A4C-B075-D14A7BD0FE90}"
EndProject
Project("{FAE04EC0-301F-11D3-BF4B-00C04F79EFBC}") = "TemplatedContentDialogIssue.Droid", "TemplatedContentDialogIssue\TemplatedContentDialogIssue.Droid\TemplatedContentDialogIssue.Droid.csproj", "{7BEBD6A2-DB56-4672-B175-B7740CBEC172}"
EndProject
Project("{FAE04EC0-301F-11D3-BF4B-00C04F79EFBC}") = "TemplatedContentDialogIssue.iOS", "TemplatedContentDialogIssue\TemplatedContentDialogIssue.iOS\TemplatedContentDialogIssue.iOS.csproj", "{10ED72F8-2001-4F7A-95EA-679F376D742B}"
EndProject
Project("{FAE04EC0-301F-11D3-BF4B-00C04F79EFBC}") = "TemplatedContentDialogIssue.UWP", "TemplatedContentDialogIssue\TemplatedContentDialogIssue.UWP\TemplatedContentDialogIssue.UWP.csproj", "{1445D31D-45EA-4B70-89A0-34DCF930CA3E}"
EndProject
Project("{9A19103F-16F7-4668-BE54-9A1E7A4F7556}") = "TemplatedContentDialogIssue.Wasm", "TemplatedContentDialogIssue\TemplatedContentDialogIssue.Wasm\TemplatedContentDialogIssue.Wasm.csproj", "{CD33041B-281E-458F-AC34-F40DC9AB3D02}"
EndProject
Project("{FAE04EC0-301F-11D3-BF4B-00C04F79EFBC}") = "TemplatedContentDialogIssue.macOS", "TemplatedContentDialogIssue\TemplatedContentDialogIssue.macOS\TemplatedContentDialogIssue.macOS.csproj", "{E3F19DC4-213F-405D-8F11-EBE8D4545BB9}"
EndProject
Project("{9A19103F-16F7-4668-BE54-9A1E7A4F7556}") = "TemplatedContentDialogIssue.Skia.Wpf.Host", "TemplatedContentDialogIssue\TemplatedContentDialogIssue.Skia.Wpf.Host\TemplatedContentDialogIssue.Skia.Wpf.Host.csproj", "{04326720-8723-4CAC-8239-53F4E6FBFD46}"
EndProject
Project("{9A19103F-16F7-4668-BE54-9A1E7A4F7556}") = "TemplatedContentDialogIssue.Skia.Wpf", "TemplatedContentDialogIssue\TemplatedContentDialogIssue.Skia.Wpf\TemplatedContentDialogIssue.Skia.Wpf.csproj", "{EAC8831D-2F80-4626-BBE2-4C4A63BDF156}"
EndProject
Project("{9A19103F-16F7-4668-BE54-9A1E7A4F7556}") = "TemplatedContentDialogIssue.Skia.Gtk", "TemplatedContentDialogIssue\TemplatedContentDialogIssue.Skia.Gtk\TemplatedContentDialogIssue.Skia.Gtk.csproj", "{62EB2266-13A7-4D46-B6FB-367EA3F91098}"
EndProject
Project("{9A19103F-16F7-4668-BE54-9A1E7A4F7556}") = "TemplatedContentDialogIssue.Skia.Tizen", "TemplatedContentDialogIssue\TemplatedContentDialogIssue.Skia.Tizen\TemplatedContentDialogIssue.Skia.Tizen.csproj", "{326AB3F5-901E-48B5-A169-34D0FB7BA6A5}"
EndProject
Project("{D954291E-2A0B-460D-934E-DC6B0785DB48}") = "TemplatedContentDialogIssue.Shared", "TemplatedContentDialogIssue\TemplatedContentDialogIssue.Shared\TemplatedContentDialogIssue.Shared.shproj", "{6279C845-92F8-4333-AB99-3D213163593C}"
EndProject
Project("{2150E333-8FDC-42A3-9474-1A3956D46DE8}") = "Solution Items", "Solution Items", "{C387D7F1-25B8-4094-A011-D2BC2FAC7790}"
	ProjectSection(SolutionItems) = preProject
		.gitignore = .gitignore
		README.md = README.md
	EndProjectSection
EndProject
Global
	GlobalSection(SharedMSBuildProjectFiles) = preSolution
		TemplatedContentDialogIssue\TemplatedContentDialogIssue.Shared\TemplatedContentDialogIssue.Shared.projitems*{10ed72f8-2001-4f7a-95ea-679f376d742b}*SharedItemsImports = 4
		TemplatedContentDialogIssue\TemplatedContentDialogIssue.Shared\TemplatedContentDialogIssue.Shared.projitems*{1445d31d-45ea-4b70-89a0-34dcf930ca3e}*SharedItemsImports = 4
		TemplatedContentDialogIssue\TemplatedContentDialogIssue.Shared\TemplatedContentDialogIssue.Shared.projitems*{326ab3f5-901e-48b5-a169-34d0fb7ba6a5}*SharedItemsImports = 5
		TemplatedContentDialogIssue\TemplatedContentDialogIssue.Shared\TemplatedContentDialogIssue.Shared.projitems*{6279c845-92f8-4333-ab99-3d213163593c}*SharedItemsImports = 13
		TemplatedContentDialogIssue\TemplatedContentDialogIssue.Shared\TemplatedContentDialogIssue.Shared.projitems*{62eb2266-13a7-4d46-b6fb-367ea3f91098}*SharedItemsImports = 5
		TemplatedContentDialogIssue\TemplatedContentDialogIssue.Shared\TemplatedContentDialogIssue.Shared.projitems*{7bebd6a2-db56-4672-b175-b7740cbec172}*SharedItemsImports = 4
		TemplatedContentDialogIssue\TemplatedContentDialogIssue.Shared\TemplatedContentDialogIssue.Shared.projitems*{cd33041b-281e-458f-ac34-f40dc9ab3d02}*SharedItemsImports = 5
		TemplatedContentDialogIssue\TemplatedContentDialogIssue.Shared\TemplatedContentDialogIssue.Shared.projitems*{e3f19dc4-213f-405d-8f11-ebe8d4545bb9}*SharedItemsImports = 4
		TemplatedContentDialogIssue\TemplatedContentDialogIssue.Shared\TemplatedContentDialogIssue.Shared.projitems*{eac8831d-2f80-4626-bbe2-4c4a63bdf156}*SharedItemsImports = 5
	EndGlobalSection
	GlobalSection(SolutionConfigurationPlatforms) = preSolution
		Ad-Hoc|Any CPU = Ad-Hoc|Any CPU
		Ad-Hoc|ARM = Ad-Hoc|ARM
		Ad-Hoc|ARM64 = Ad-Hoc|ARM64
		Ad-Hoc|iPhone = Ad-Hoc|iPhone
		Ad-Hoc|iPhoneSimulator = Ad-Hoc|iPhoneSimulator
		Ad-Hoc|x64 = Ad-Hoc|x64
		Ad-Hoc|x86 = Ad-Hoc|x86
		AppStore|Any CPU = AppStore|Any CPU
		AppStore|ARM = AppStore|ARM
		AppStore|ARM64 = AppStore|ARM64
		AppStore|iPhone = AppStore|iPhone
		AppStore|iPhoneSimulator = AppStore|iPhoneSimulator
		AppStore|x64 = AppStore|x64
		AppStore|x86 = AppStore|x86
		Debug|Any CPU = Debug|Any CPU
		Debug|ARM = Debug|ARM
		Debug|ARM64 = Debug|ARM64
		Debug|iPhone = Debug|iPhone
		Debug|iPhoneSimulator = Debug|iPhoneSimulator
		Debug|x64 = Debug|x64
		Debug|x86 = Debug|x86
		Release|Any CPU = Release|Any CPU
		Release|ARM = Release|ARM
		Release|ARM64 = Release|ARM64
		Release|iPhone = Release|iPhone
		Release|iPhoneSimulator = Release|iPhoneSimulator
		Release|x64 = Release|x64
		Release|x86 = Release|x86
	EndGlobalSection
	GlobalSection(ProjectConfigurationPlatforms) = postSolution
		{7BEBD6A2-DB56-4672-B175-B7740CBEC172}.Ad-Hoc|Any CPU.ActiveCfg = Debug|Any CPU
		{7BEBD6A2-DB56-4672-B175-B7740CBEC172}.Ad-Hoc|Any CPU.Build.0 = Debug|Any CPU
		{7BEBD6A2-DB56-4672-B175-B7740CBEC172}.Ad-Hoc|Any CPU.Deploy.0 = Debug|Any CPU
		{7BEBD6A2-DB56-4672-B175-B7740CBEC172}.Ad-Hoc|ARM.ActiveCfg = Debug|Any CPU
		{7BEBD6A2-DB56-4672-B175-B7740CBEC172}.Ad-Hoc|ARM.Build.0 = Debug|Any CPU
		{7BEBD6A2-DB56-4672-B175-B7740CBEC172}.Ad-Hoc|ARM.Deploy.0 = Debug|Any CPU
		{7BEBD6A2-DB56-4672-B175-B7740CBEC172}.Ad-Hoc|ARM64.ActiveCfg = Debug|Any CPU
		{7BEBD6A2-DB56-4672-B175-B7740CBEC172}.Ad-Hoc|ARM64.Build.0 = Debug|Any CPU
		{7BEBD6A2-DB56-4672-B175-B7740CBEC172}.Ad-Hoc|ARM64.Deploy.0 = Debug|Any CPU
		{7BEBD6A2-DB56-4672-B175-B7740CBEC172}.Ad-Hoc|iPhone.ActiveCfg = Debug|Any CPU
		{7BEBD6A2-DB56-4672-B175-B7740CBEC172}.Ad-Hoc|iPhone.Build.0 = Debug|Any CPU
		{7BEBD6A2-DB56-4672-B175-B7740CBEC172}.Ad-Hoc|iPhone.Deploy.0 = Debug|Any CPU
		{7BEBD6A2-DB56-4672-B175-B7740CBEC172}.Ad-Hoc|iPhoneSimulator.ActiveCfg = Debug|Any CPU
		{7BEBD6A2-DB56-4672-B175-B7740CBEC172}.Ad-Hoc|iPhoneSimulator.Build.0 = Debug|Any CPU
		{7BEBD6A2-DB56-4672-B175-B7740CBEC172}.Ad-Hoc|iPhoneSimulator.Deploy.0 = Debug|Any CPU
		{7BEBD6A2-DB56-4672-B175-B7740CBEC172}.Ad-Hoc|x64.ActiveCfg = Debug|Any CPU
		{7BEBD6A2-DB56-4672-B175-B7740CBEC172}.Ad-Hoc|x64.Build.0 = Debug|Any CPU
		{7BEBD6A2-DB56-4672-B175-B7740CBEC172}.Ad-Hoc|x64.Deploy.0 = Debug|Any CPU
		{7BEBD6A2-DB56-4672-B175-B7740CBEC172}.Ad-Hoc|x86.ActiveCfg = Debug|Any CPU
		{7BEBD6A2-DB56-4672-B175-B7740CBEC172}.Ad-Hoc|x86.Build.0 = Debug|Any CPU
		{7BEBD6A2-DB56-4672-B175-B7740CBEC172}.Ad-Hoc|x86.Deploy.0 = Debug|Any CPU
		{7BEBD6A2-DB56-4672-B175-B7740CBEC172}.AppStore|Any CPU.ActiveCfg = Debug|Any CPU
		{7BEBD6A2-DB56-4672-B175-B7740CBEC172}.AppStore|Any CPU.Build.0 = Debug|Any CPU
		{7BEBD6A2-DB56-4672-B175-B7740CBEC172}.AppStore|Any CPU.Deploy.0 = Debug|Any CPU
		{7BEBD6A2-DB56-4672-B175-B7740CBEC172}.AppStore|ARM.ActiveCfg = Debug|Any CPU
		{7BEBD6A2-DB56-4672-B175-B7740CBEC172}.AppStore|ARM.Build.0 = Debug|Any CPU
		{7BEBD6A2-DB56-4672-B175-B7740CBEC172}.AppStore|ARM.Deploy.0 = Debug|Any CPU
		{7BEBD6A2-DB56-4672-B175-B7740CBEC172}.AppStore|ARM64.ActiveCfg = Debug|Any CPU
		{7BEBD6A2-DB56-4672-B175-B7740CBEC172}.AppStore|ARM64.Build.0 = Debug|Any CPU
		{7BEBD6A2-DB56-4672-B175-B7740CBEC172}.AppStore|ARM64.Deploy.0 = Debug|Any CPU
		{7BEBD6A2-DB56-4672-B175-B7740CBEC172}.AppStore|iPhone.ActiveCfg = Debug|Any CPU
		{7BEBD6A2-DB56-4672-B175-B7740CBEC172}.AppStore|iPhone.Build.0 = Debug|Any CPU
		{7BEBD6A2-DB56-4672-B175-B7740CBEC172}.AppStore|iPhone.Deploy.0 = Debug|Any CPU
		{7BEBD6A2-DB56-4672-B175-B7740CBEC172}.AppStore|iPhoneSimulator.ActiveCfg = Debug|Any CPU
		{7BEBD6A2-DB56-4672-B175-B7740CBEC172}.AppStore|iPhoneSimulator.Build.0 = Debug|Any CPU
		{7BEBD6A2-DB56-4672-B175-B7740CBEC172}.AppStore|iPhoneSimulator.Deploy.0 = Debug|Any CPU
		{7BEBD6A2-DB56-4672-B175-B7740CBEC172}.AppStore|x64.ActiveCfg = Debug|Any CPU
		{7BEBD6A2-DB56-4672-B175-B7740CBEC172}.AppStore|x64.Build.0 = Debug|Any CPU
		{7BEBD6A2-DB56-4672-B175-B7740CBEC172}.AppStore|x64.Deploy.0 = Debug|Any CPU
		{7BEBD6A2-DB56-4672-B175-B7740CBEC172}.AppStore|x86.ActiveCfg = Debug|Any CPU
		{7BEBD6A2-DB56-4672-B175-B7740CBEC172}.AppStore|x86.Build.0 = Debug|Any CPU
		{7BEBD6A2-DB56-4672-B175-B7740CBEC172}.AppStore|x86.Deploy.0 = Debug|Any CPU
		{7BEBD6A2-DB56-4672-B175-B7740CBEC172}.Debug|Any CPU.ActiveCfg = Debug|Any CPU
		{7BEBD6A2-DB56-4672-B175-B7740CBEC172}.Debug|Any CPU.Build.0 = Debug|Any CPU
		{7BEBD6A2-DB56-4672-B175-B7740CBEC172}.Debug|Any CPU.Deploy.0 = Debug|Any CPU
		{7BEBD6A2-DB56-4672-B175-B7740CBEC172}.Debug|ARM.ActiveCfg = Debug|Any CPU
		{7BEBD6A2-DB56-4672-B175-B7740CBEC172}.Debug|ARM.Build.0 = Debug|Any CPU
		{7BEBD6A2-DB56-4672-B175-B7740CBEC172}.Debug|ARM.Deploy.0 = Debug|Any CPU
		{7BEBD6A2-DB56-4672-B175-B7740CBEC172}.Debug|ARM64.ActiveCfg = Debug|Any CPU
		{7BEBD6A2-DB56-4672-B175-B7740CBEC172}.Debug|ARM64.Build.0 = Debug|Any CPU
		{7BEBD6A2-DB56-4672-B175-B7740CBEC172}.Debug|ARM64.Deploy.0 = Debug|Any CPU
		{7BEBD6A2-DB56-4672-B175-B7740CBEC172}.Debug|iPhone.ActiveCfg = Debug|Any CPU
		{7BEBD6A2-DB56-4672-B175-B7740CBEC172}.Debug|iPhone.Build.0 = Debug|Any CPU
		{7BEBD6A2-DB56-4672-B175-B7740CBEC172}.Debug|iPhone.Deploy.0 = Debug|Any CPU
		{7BEBD6A2-DB56-4672-B175-B7740CBEC172}.Debug|iPhoneSimulator.ActiveCfg = Debug|Any CPU
		{7BEBD6A2-DB56-4672-B175-B7740CBEC172}.Debug|iPhoneSimulator.Build.0 = Debug|Any CPU
		{7BEBD6A2-DB56-4672-B175-B7740CBEC172}.Debug|iPhoneSimulator.Deploy.0 = Debug|Any CPU
		{7BEBD6A2-DB56-4672-B175-B7740CBEC172}.Debug|x64.ActiveCfg = Debug|Any CPU
		{7BEBD6A2-DB56-4672-B175-B7740CBEC172}.Debug|x64.Build.0 = Debug|Any CPU
		{7BEBD6A2-DB56-4672-B175-B7740CBEC172}.Debug|x64.Deploy.0 = Debug|Any CPU
		{7BEBD6A2-DB56-4672-B175-B7740CBEC172}.Debug|x86.ActiveCfg = Debug|Any CPU
		{7BEBD6A2-DB56-4672-B175-B7740CBEC172}.Debug|x86.Build.0 = Debug|Any CPU
		{7BEBD6A2-DB56-4672-B175-B7740CBEC172}.Debug|x86.Deploy.0 = Debug|Any CPU
		{7BEBD6A2-DB56-4672-B175-B7740CBEC172}.Release|Any CPU.ActiveCfg = Release|Any CPU
		{7BEBD6A2-DB56-4672-B175-B7740CBEC172}.Release|Any CPU.Build.0 = Release|Any CPU
		{7BEBD6A2-DB56-4672-B175-B7740CBEC172}.Release|Any CPU.Deploy.0 = Release|Any CPU
		{7BEBD6A2-DB56-4672-B175-B7740CBEC172}.Release|ARM.ActiveCfg = Release|Any CPU
		{7BEBD6A2-DB56-4672-B175-B7740CBEC172}.Release|ARM.Build.0 = Release|Any CPU
		{7BEBD6A2-DB56-4672-B175-B7740CBEC172}.Release|ARM.Deploy.0 = Release|Any CPU
		{7BEBD6A2-DB56-4672-B175-B7740CBEC172}.Release|ARM64.ActiveCfg = Release|Any CPU
		{7BEBD6A2-DB56-4672-B175-B7740CBEC172}.Release|ARM64.Build.0 = Release|Any CPU
		{7BEBD6A2-DB56-4672-B175-B7740CBEC172}.Release|ARM64.Deploy.0 = Release|Any CPU
		{7BEBD6A2-DB56-4672-B175-B7740CBEC172}.Release|iPhone.ActiveCfg = Release|Any CPU
		{7BEBD6A2-DB56-4672-B175-B7740CBEC172}.Release|iPhone.Build.0 = Release|Any CPU
		{7BEBD6A2-DB56-4672-B175-B7740CBEC172}.Release|iPhone.Deploy.0 = Release|Any CPU
		{7BEBD6A2-DB56-4672-B175-B7740CBEC172}.Release|iPhoneSimulator.ActiveCfg = Release|Any CPU
		{7BEBD6A2-DB56-4672-B175-B7740CBEC172}.Release|iPhoneSimulator.Build.0 = Release|Any CPU
		{7BEBD6A2-DB56-4672-B175-B7740CBEC172}.Release|iPhoneSimulator.Deploy.0 = Release|Any CPU
		{7BEBD6A2-DB56-4672-B175-B7740CBEC172}.Release|x64.ActiveCfg = Release|Any CPU
		{7BEBD6A2-DB56-4672-B175-B7740CBEC172}.Release|x64.Build.0 = Release|Any CPU
		{7BEBD6A2-DB56-4672-B175-B7740CBEC172}.Release|x64.Deploy.0 = Release|Any CPU
		{7BEBD6A2-DB56-4672-B175-B7740CBEC172}.Release|x86.ActiveCfg = Release|Any CPU
		{7BEBD6A2-DB56-4672-B175-B7740CBEC172}.Release|x86.Build.0 = Release|Any CPU
		{7BEBD6A2-DB56-4672-B175-B7740CBEC172}.Release|x86.Deploy.0 = Release|Any CPU
		{10ED72F8-2001-4F7A-95EA-679F376D742B}.Ad-Hoc|Any CPU.ActiveCfg = Ad-Hoc|iPhoneSimulator
		{10ED72F8-2001-4F7A-95EA-679F376D742B}.Ad-Hoc|ARM.ActiveCfg = Ad-Hoc|iPhoneSimulator
		{10ED72F8-2001-4F7A-95EA-679F376D742B}.Ad-Hoc|ARM64.ActiveCfg = Ad-Hoc|iPhoneSimulator
		{10ED72F8-2001-4F7A-95EA-679F376D742B}.Ad-Hoc|iPhone.ActiveCfg = Ad-Hoc|iPhone
		{10ED72F8-2001-4F7A-95EA-679F376D742B}.Ad-Hoc|iPhone.Build.0 = Ad-Hoc|iPhone
		{10ED72F8-2001-4F7A-95EA-679F376D742B}.Ad-Hoc|iPhoneSimulator.ActiveCfg = Ad-Hoc|iPhoneSimulator
		{10ED72F8-2001-4F7A-95EA-679F376D742B}.Ad-Hoc|iPhoneSimulator.Build.0 = Ad-Hoc|iPhoneSimulator
		{10ED72F8-2001-4F7A-95EA-679F376D742B}.Ad-Hoc|x64.ActiveCfg = Ad-Hoc|iPhoneSimulator
		{10ED72F8-2001-4F7A-95EA-679F376D742B}.Ad-Hoc|x86.ActiveCfg = Ad-Hoc|iPhoneSimulator
		{10ED72F8-2001-4F7A-95EA-679F376D742B}.AppStore|Any CPU.ActiveCfg = AppStore|iPhoneSimulator
		{10ED72F8-2001-4F7A-95EA-679F376D742B}.AppStore|ARM.ActiveCfg = AppStore|iPhoneSimulator
		{10ED72F8-2001-4F7A-95EA-679F376D742B}.AppStore|ARM64.ActiveCfg = AppStore|iPhoneSimulator
		{10ED72F8-2001-4F7A-95EA-679F376D742B}.AppStore|iPhone.ActiveCfg = AppStore|iPhone
		{10ED72F8-2001-4F7A-95EA-679F376D742B}.AppStore|iPhone.Build.0 = AppStore|iPhone
		{10ED72F8-2001-4F7A-95EA-679F376D742B}.AppStore|iPhoneSimulator.ActiveCfg = AppStore|iPhoneSimulator
		{10ED72F8-2001-4F7A-95EA-679F376D742B}.AppStore|iPhoneSimulator.Build.0 = AppStore|iPhoneSimulator
		{10ED72F8-2001-4F7A-95EA-679F376D742B}.AppStore|x64.ActiveCfg = AppStore|iPhoneSimulator
		{10ED72F8-2001-4F7A-95EA-679F376D742B}.AppStore|x86.ActiveCfg = AppStore|iPhoneSimulator
		{10ED72F8-2001-4F7A-95EA-679F376D742B}.Debug|Any CPU.ActiveCfg = Debug|iPhoneSimulator
		{10ED72F8-2001-4F7A-95EA-679F376D742B}.Debug|ARM.ActiveCfg = Debug|iPhoneSimulator
		{10ED72F8-2001-4F7A-95EA-679F376D742B}.Debug|ARM64.ActiveCfg = Debug|iPhoneSimulator
		{10ED72F8-2001-4F7A-95EA-679F376D742B}.Debug|iPhone.ActiveCfg = Debug|iPhone
		{10ED72F8-2001-4F7A-95EA-679F376D742B}.Debug|iPhone.Build.0 = Debug|iPhone
		{10ED72F8-2001-4F7A-95EA-679F376D742B}.Debug|iPhone.Deploy.0 = Debug|iPhone
		{10ED72F8-2001-4F7A-95EA-679F376D742B}.Debug|iPhoneSimulator.ActiveCfg = Debug|iPhoneSimulator
		{10ED72F8-2001-4F7A-95EA-679F376D742B}.Debug|iPhoneSimulator.Build.0 = Debug|iPhoneSimulator
		{10ED72F8-2001-4F7A-95EA-679F376D742B}.Debug|x64.ActiveCfg = Debug|iPhoneSimulator
		{10ED72F8-2001-4F7A-95EA-679F376D742B}.Debug|x86.ActiveCfg = Debug|iPhoneSimulator
		{10ED72F8-2001-4F7A-95EA-679F376D742B}.Release|Any CPU.ActiveCfg = Release|iPhoneSimulator
		{10ED72F8-2001-4F7A-95EA-679F376D742B}.Release|ARM.ActiveCfg = Release|iPhoneSimulator
		{10ED72F8-2001-4F7A-95EA-679F376D742B}.Release|ARM64.ActiveCfg = Release|iPhoneSimulator
		{10ED72F8-2001-4F7A-95EA-679F376D742B}.Release|iPhone.ActiveCfg = Release|iPhone
		{10ED72F8-2001-4F7A-95EA-679F376D742B}.Release|iPhone.Build.0 = Release|iPhone
		{10ED72F8-2001-4F7A-95EA-679F376D742B}.Release|iPhoneSimulator.ActiveCfg = Release|iPhoneSimulator
		{10ED72F8-2001-4F7A-95EA-679F376D742B}.Release|iPhoneSimulator.Build.0 = Release|iPhoneSimulator
		{10ED72F8-2001-4F7A-95EA-679F376D742B}.Release|x64.ActiveCfg = Release|iPhoneSimulator
		{10ED72F8-2001-4F7A-95EA-679F376D742B}.Release|x86.ActiveCfg = Release|iPhoneSimulator
		{1445D31D-45EA-4B70-89A0-34DCF930CA3E}.Ad-Hoc|Any CPU.ActiveCfg = Debug|x86
		{1445D31D-45EA-4B70-89A0-34DCF930CA3E}.Ad-Hoc|Any CPU.Build.0 = Debug|x86
		{1445D31D-45EA-4B70-89A0-34DCF930CA3E}.Ad-Hoc|Any CPU.Deploy.0 = Debug|x86
		{1445D31D-45EA-4B70-89A0-34DCF930CA3E}.Ad-Hoc|ARM.ActiveCfg = Debug|ARM
		{1445D31D-45EA-4B70-89A0-34DCF930CA3E}.Ad-Hoc|ARM.Build.0 = Debug|ARM
		{1445D31D-45EA-4B70-89A0-34DCF930CA3E}.Ad-Hoc|ARM.Deploy.0 = Debug|ARM
		{1445D31D-45EA-4B70-89A0-34DCF930CA3E}.Ad-Hoc|ARM64.ActiveCfg = Debug|ARM64
		{1445D31D-45EA-4B70-89A0-34DCF930CA3E}.Ad-Hoc|ARM64.Build.0 = Debug|ARM64
		{1445D31D-45EA-4B70-89A0-34DCF930CA3E}.Ad-Hoc|ARM64.Deploy.0 = Debug|ARM64
		{1445D31D-45EA-4B70-89A0-34DCF930CA3E}.Ad-Hoc|iPhone.ActiveCfg = Debug|x86
		{1445D31D-45EA-4B70-89A0-34DCF930CA3E}.Ad-Hoc|iPhone.Build.0 = Debug|x86
		{1445D31D-45EA-4B70-89A0-34DCF930CA3E}.Ad-Hoc|iPhone.Deploy.0 = Debug|x86
		{1445D31D-45EA-4B70-89A0-34DCF930CA3E}.Ad-Hoc|iPhoneSimulator.ActiveCfg = Debug|x86
		{1445D31D-45EA-4B70-89A0-34DCF930CA3E}.Ad-Hoc|iPhoneSimulator.Build.0 = Debug|x86
		{1445D31D-45EA-4B70-89A0-34DCF930CA3E}.Ad-Hoc|iPhoneSimulator.Deploy.0 = Debug|x86
		{1445D31D-45EA-4B70-89A0-34DCF930CA3E}.Ad-Hoc|x64.ActiveCfg = Debug|x64
		{1445D31D-45EA-4B70-89A0-34DCF930CA3E}.Ad-Hoc|x64.Build.0 = Debug|x64
		{1445D31D-45EA-4B70-89A0-34DCF930CA3E}.Ad-Hoc|x64.Deploy.0 = Debug|x64
		{1445D31D-45EA-4B70-89A0-34DCF930CA3E}.Ad-Hoc|x86.ActiveCfg = Debug|x86
		{1445D31D-45EA-4B70-89A0-34DCF930CA3E}.Ad-Hoc|x86.Build.0 = Debug|x86
		{1445D31D-45EA-4B70-89A0-34DCF930CA3E}.Ad-Hoc|x86.Deploy.0 = Debug|x86
		{1445D31D-45EA-4B70-89A0-34DCF930CA3E}.AppStore|Any CPU.ActiveCfg = Debug|x86
		{1445D31D-45EA-4B70-89A0-34DCF930CA3E}.AppStore|Any CPU.Build.0 = Debug|x86
		{1445D31D-45EA-4B70-89A0-34DCF930CA3E}.AppStore|Any CPU.Deploy.0 = Debug|x86
		{1445D31D-45EA-4B70-89A0-34DCF930CA3E}.AppStore|ARM.ActiveCfg = Debug|ARM
		{1445D31D-45EA-4B70-89A0-34DCF930CA3E}.AppStore|ARM.Build.0 = Debug|ARM
		{1445D31D-45EA-4B70-89A0-34DCF930CA3E}.AppStore|ARM.Deploy.0 = Debug|ARM
		{1445D31D-45EA-4B70-89A0-34DCF930CA3E}.AppStore|ARM64.ActiveCfg = Debug|ARM64
		{1445D31D-45EA-4B70-89A0-34DCF930CA3E}.AppStore|ARM64.Build.0 = Debug|ARM64
		{1445D31D-45EA-4B70-89A0-34DCF930CA3E}.AppStore|ARM64.Deploy.0 = Debug|ARM64
		{1445D31D-45EA-4B70-89A0-34DCF930CA3E}.AppStore|iPhone.ActiveCfg = Debug|x86
		{1445D31D-45EA-4B70-89A0-34DCF930CA3E}.AppStore|iPhone.Build.0 = Debug|x86
		{1445D31D-45EA-4B70-89A0-34DCF930CA3E}.AppStore|iPhone.Deploy.0 = Debug|x86
		{1445D31D-45EA-4B70-89A0-34DCF930CA3E}.AppStore|iPhoneSimulator.ActiveCfg = Debug|x86
		{1445D31D-45EA-4B70-89A0-34DCF930CA3E}.AppStore|iPhoneSimulator.Build.0 = Debug|x86
		{1445D31D-45EA-4B70-89A0-34DCF930CA3E}.AppStore|iPhoneSimulator.Deploy.0 = Debug|x86
		{1445D31D-45EA-4B70-89A0-34DCF930CA3E}.AppStore|x64.ActiveCfg = Debug|x64
		{1445D31D-45EA-4B70-89A0-34DCF930CA3E}.AppStore|x64.Build.0 = Debug|x64
		{1445D31D-45EA-4B70-89A0-34DCF930CA3E}.AppStore|x64.Deploy.0 = Debug|x64
		{1445D31D-45EA-4B70-89A0-34DCF930CA3E}.AppStore|x86.ActiveCfg = Debug|x86
		{1445D31D-45EA-4B70-89A0-34DCF930CA3E}.AppStore|x86.Build.0 = Debug|x86
		{1445D31D-45EA-4B70-89A0-34DCF930CA3E}.AppStore|x86.Deploy.0 = Debug|x86
		{1445D31D-45EA-4B70-89A0-34DCF930CA3E}.Debug|Any CPU.ActiveCfg = Debug|x86
		{1445D31D-45EA-4B70-89A0-34DCF930CA3E}.Debug|ARM.ActiveCfg = Debug|ARM
		{1445D31D-45EA-4B70-89A0-34DCF930CA3E}.Debug|ARM.Build.0 = Debug|ARM
		{1445D31D-45EA-4B70-89A0-34DCF930CA3E}.Debug|ARM.Deploy.0 = Debug|ARM
		{1445D31D-45EA-4B70-89A0-34DCF930CA3E}.Debug|ARM64.ActiveCfg = Debug|ARM64
		{1445D31D-45EA-4B70-89A0-34DCF930CA3E}.Debug|ARM64.Build.0 = Debug|ARM64
		{1445D31D-45EA-4B70-89A0-34DCF930CA3E}.Debug|ARM64.Deploy.0 = Debug|ARM64
		{1445D31D-45EA-4B70-89A0-34DCF930CA3E}.Debug|iPhone.ActiveCfg = Debug|x86
		{1445D31D-45EA-4B70-89A0-34DCF930CA3E}.Debug|iPhoneSimulator.ActiveCfg = Debug|x86
		{1445D31D-45EA-4B70-89A0-34DCF930CA3E}.Debug|x64.ActiveCfg = Debug|x64
		{1445D31D-45EA-4B70-89A0-34DCF930CA3E}.Debug|x64.Build.0 = Debug|x64
		{1445D31D-45EA-4B70-89A0-34DCF930CA3E}.Debug|x64.Deploy.0 = Debug|x64
		{1445D31D-45EA-4B70-89A0-34DCF930CA3E}.Debug|x86.ActiveCfg = Debug|x86
		{1445D31D-45EA-4B70-89A0-34DCF930CA3E}.Debug|x86.Build.0 = Debug|x86
		{1445D31D-45EA-4B70-89A0-34DCF930CA3E}.Debug|x86.Deploy.0 = Debug|x86
		{1445D31D-45EA-4B70-89A0-34DCF930CA3E}.Release|Any CPU.ActiveCfg = Release|x86
		{1445D31D-45EA-4B70-89A0-34DCF930CA3E}.Release|ARM.ActiveCfg = Release|ARM
		{1445D31D-45EA-4B70-89A0-34DCF930CA3E}.Release|ARM.Build.0 = Release|ARM
		{1445D31D-45EA-4B70-89A0-34DCF930CA3E}.Release|ARM.Deploy.0 = Release|ARM
		{1445D31D-45EA-4B70-89A0-34DCF930CA3E}.Release|ARM64.ActiveCfg = Release|ARM64
		{1445D31D-45EA-4B70-89A0-34DCF930CA3E}.Release|ARM64.Build.0 = Release|ARM64
		{1445D31D-45EA-4B70-89A0-34DCF930CA3E}.Release|ARM64.Deploy.0 = Release|ARM64
		{1445D31D-45EA-4B70-89A0-34DCF930CA3E}.Release|iPhone.ActiveCfg = Release|x86
		{1445D31D-45EA-4B70-89A0-34DCF930CA3E}.Release|iPhoneSimulator.ActiveCfg = Release|x86
		{1445D31D-45EA-4B70-89A0-34DCF930CA3E}.Release|x64.ActiveCfg = Release|x64
		{1445D31D-45EA-4B70-89A0-34DCF930CA3E}.Release|x64.Build.0 = Release|x64
		{1445D31D-45EA-4B70-89A0-34DCF930CA3E}.Release|x64.Deploy.0 = Release|x64
		{1445D31D-45EA-4B70-89A0-34DCF930CA3E}.Release|x86.ActiveCfg = Release|x86
		{1445D31D-45EA-4B70-89A0-34DCF930CA3E}.Release|x86.Build.0 = Release|x86
		{1445D31D-45EA-4B70-89A0-34DCF930CA3E}.Release|x86.Deploy.0 = Release|x86
		{CD33041B-281E-458F-AC34-F40DC9AB3D02}.Ad-Hoc|Any CPU.ActiveCfg = Debug|Any CPU
		{CD33041B-281E-458F-AC34-F40DC9AB3D02}.Ad-Hoc|Any CPU.Build.0 = Debug|Any CPU
		{CD33041B-281E-458F-AC34-F40DC9AB3D02}.Ad-Hoc|ARM.ActiveCfg = Debug|Any CPU
		{CD33041B-281E-458F-AC34-F40DC9AB3D02}.Ad-Hoc|ARM.Build.0 = Debug|Any CPU
		{CD33041B-281E-458F-AC34-F40DC9AB3D02}.Ad-Hoc|ARM64.ActiveCfg = Debug|Any CPU
		{CD33041B-281E-458F-AC34-F40DC9AB3D02}.Ad-Hoc|ARM64.Build.0 = Debug|Any CPU
		{CD33041B-281E-458F-AC34-F40DC9AB3D02}.Ad-Hoc|iPhone.ActiveCfg = Debug|Any CPU
		{CD33041B-281E-458F-AC34-F40DC9AB3D02}.Ad-Hoc|iPhone.Build.0 = Debug|Any CPU
		{CD33041B-281E-458F-AC34-F40DC9AB3D02}.Ad-Hoc|iPhoneSimulator.ActiveCfg = Debug|Any CPU
		{CD33041B-281E-458F-AC34-F40DC9AB3D02}.Ad-Hoc|iPhoneSimulator.Build.0 = Debug|Any CPU
		{CD33041B-281E-458F-AC34-F40DC9AB3D02}.Ad-Hoc|x64.ActiveCfg = Debug|Any CPU
		{CD33041B-281E-458F-AC34-F40DC9AB3D02}.Ad-Hoc|x64.Build.0 = Debug|Any CPU
		{CD33041B-281E-458F-AC34-F40DC9AB3D02}.Ad-Hoc|x86.ActiveCfg = Debug|Any CPU
		{CD33041B-281E-458F-AC34-F40DC9AB3D02}.Ad-Hoc|x86.Build.0 = Debug|Any CPU
		{CD33041B-281E-458F-AC34-F40DC9AB3D02}.AppStore|Any CPU.ActiveCfg = Debug|Any CPU
		{CD33041B-281E-458F-AC34-F40DC9AB3D02}.AppStore|Any CPU.Build.0 = Debug|Any CPU
		{CD33041B-281E-458F-AC34-F40DC9AB3D02}.AppStore|ARM.ActiveCfg = Debug|Any CPU
		{CD33041B-281E-458F-AC34-F40DC9AB3D02}.AppStore|ARM.Build.0 = Debug|Any CPU
		{CD33041B-281E-458F-AC34-F40DC9AB3D02}.AppStore|ARM64.ActiveCfg = Debug|Any CPU
		{CD33041B-281E-458F-AC34-F40DC9AB3D02}.AppStore|ARM64.Build.0 = Debug|Any CPU
		{CD33041B-281E-458F-AC34-F40DC9AB3D02}.AppStore|iPhone.ActiveCfg = Debug|Any CPU
		{CD33041B-281E-458F-AC34-F40DC9AB3D02}.AppStore|iPhone.Build.0 = Debug|Any CPU
		{CD33041B-281E-458F-AC34-F40DC9AB3D02}.AppStore|iPhoneSimulator.ActiveCfg = Debug|Any CPU
		{CD33041B-281E-458F-AC34-F40DC9AB3D02}.AppStore|iPhoneSimulator.Build.0 = Debug|Any CPU
		{CD33041B-281E-458F-AC34-F40DC9AB3D02}.AppStore|x64.ActiveCfg = Debug|Any CPU
		{CD33041B-281E-458F-AC34-F40DC9AB3D02}.AppStore|x64.Build.0 = Debug|Any CPU
		{CD33041B-281E-458F-AC34-F40DC9AB3D02}.AppStore|x86.ActiveCfg = Debug|Any CPU
		{CD33041B-281E-458F-AC34-F40DC9AB3D02}.AppStore|x86.Build.0 = Debug|Any CPU
		{CD33041B-281E-458F-AC34-F40DC9AB3D02}.Debug|Any CPU.ActiveCfg = Debug|Any CPU
		{CD33041B-281E-458F-AC34-F40DC9AB3D02}.Debug|Any CPU.Build.0 = Debug|Any CPU
		{CD33041B-281E-458F-AC34-F40DC9AB3D02}.Debug|ARM.ActiveCfg = Debug|Any CPU
		{CD33041B-281E-458F-AC34-F40DC9AB3D02}.Debug|ARM.Build.0 = Debug|Any CPU
		{CD33041B-281E-458F-AC34-F40DC9AB3D02}.Debug|ARM64.ActiveCfg = Debug|Any CPU
		{CD33041B-281E-458F-AC34-F40DC9AB3D02}.Debug|ARM64.Build.0 = Debug|Any CPU
		{CD33041B-281E-458F-AC34-F40DC9AB3D02}.Debug|iPhone.ActiveCfg = Debug|Any CPU
		{CD33041B-281E-458F-AC34-F40DC9AB3D02}.Debug|iPhone.Build.0 = Debug|Any CPU
		{CD33041B-281E-458F-AC34-F40DC9AB3D02}.Debug|iPhoneSimulator.ActiveCfg = Debug|Any CPU
		{CD33041B-281E-458F-AC34-F40DC9AB3D02}.Debug|iPhoneSimulator.Build.0 = Debug|Any CPU
		{CD33041B-281E-458F-AC34-F40DC9AB3D02}.Debug|x64.ActiveCfg = Debug|Any CPU
		{CD33041B-281E-458F-AC34-F40DC9AB3D02}.Debug|x64.Build.0 = Debug|Any CPU
		{CD33041B-281E-458F-AC34-F40DC9AB3D02}.Debug|x86.ActiveCfg = Debug|Any CPU
		{CD33041B-281E-458F-AC34-F40DC9AB3D02}.Debug|x86.Build.0 = Debug|Any CPU
		{CD33041B-281E-458F-AC34-F40DC9AB3D02}.Release|Any CPU.ActiveCfg = Release|Any CPU
		{CD33041B-281E-458F-AC34-F40DC9AB3D02}.Release|Any CPU.Build.0 = Release|Any CPU
		{CD33041B-281E-458F-AC34-F40DC9AB3D02}.Release|ARM.ActiveCfg = Release|Any CPU
		{CD33041B-281E-458F-AC34-F40DC9AB3D02}.Release|ARM.Build.0 = Release|Any CPU
		{CD33041B-281E-458F-AC34-F40DC9AB3D02}.Release|ARM64.ActiveCfg = Release|Any CPU
		{CD33041B-281E-458F-AC34-F40DC9AB3D02}.Release|ARM64.Build.0 = Release|Any CPU
		{CD33041B-281E-458F-AC34-F40DC9AB3D02}.Release|iPhone.ActiveCfg = Release|Any CPU
		{CD33041B-281E-458F-AC34-F40DC9AB3D02}.Release|iPhone.Build.0 = Release|Any CPU
		{CD33041B-281E-458F-AC34-F40DC9AB3D02}.Release|iPhoneSimulator.ActiveCfg = Release|Any CPU
		{CD33041B-281E-458F-AC34-F40DC9AB3D02}.Release|iPhoneSimulator.Build.0 = Release|Any CPU
		{CD33041B-281E-458F-AC34-F40DC9AB3D02}.Release|x64.ActiveCfg = Release|Any CPU
		{CD33041B-281E-458F-AC34-F40DC9AB3D02}.Release|x64.Build.0 = Release|Any CPU
		{CD33041B-281E-458F-AC34-F40DC9AB3D02}.Release|x86.ActiveCfg = Release|Any CPU
		{CD33041B-281E-458F-AC34-F40DC9AB3D02}.Release|x86.Build.0 = Release|Any CPU
		{E3F19DC4-213F-405D-8F11-EBE8D4545BB9}.Ad-Hoc|Any CPU.ActiveCfg = Debug|iPhoneSimulator
		{E3F19DC4-213F-405D-8F11-EBE8D4545BB9}.Ad-Hoc|Any CPU.Build.0 = Debug|iPhoneSimulator
		{E3F19DC4-213F-405D-8F11-EBE8D4545BB9}.Ad-Hoc|ARM.ActiveCfg = Debug|iPhoneSimulator
		{E3F19DC4-213F-405D-8F11-EBE8D4545BB9}.Ad-Hoc|ARM.Build.0 = Debug|iPhoneSimulator
		{E3F19DC4-213F-405D-8F11-EBE8D4545BB9}.Ad-Hoc|ARM64.ActiveCfg = Debug|iPhoneSimulator
		{E3F19DC4-213F-405D-8F11-EBE8D4545BB9}.Ad-Hoc|ARM64.Build.0 = Debug|iPhoneSimulator
		{E3F19DC4-213F-405D-8F11-EBE8D4545BB9}.Ad-Hoc|iPhone.ActiveCfg = Debug|iPhoneSimulator
		{E3F19DC4-213F-405D-8F11-EBE8D4545BB9}.Ad-Hoc|iPhone.Build.0 = Debug|iPhoneSimulator
		{E3F19DC4-213F-405D-8F11-EBE8D4545BB9}.Ad-Hoc|iPhoneSimulator.ActiveCfg = Debug|iPhoneSimulator
		{E3F19DC4-213F-405D-8F11-EBE8D4545BB9}.Ad-Hoc|iPhoneSimulator.Build.0 = Debug|iPhoneSimulator
		{E3F19DC4-213F-405D-8F11-EBE8D4545BB9}.Ad-Hoc|x64.ActiveCfg = Debug|iPhoneSimulator
		{E3F19DC4-213F-405D-8F11-EBE8D4545BB9}.Ad-Hoc|x64.Build.0 = Debug|iPhoneSimulator
		{E3F19DC4-213F-405D-8F11-EBE8D4545BB9}.Ad-Hoc|x86.ActiveCfg = Debug|iPhoneSimulator
		{E3F19DC4-213F-405D-8F11-EBE8D4545BB9}.Ad-Hoc|x86.Build.0 = Debug|iPhoneSimulator
		{E3F19DC4-213F-405D-8F11-EBE8D4545BB9}.AppStore|Any CPU.ActiveCfg = Debug|iPhoneSimulator
		{E3F19DC4-213F-405D-8F11-EBE8D4545BB9}.AppStore|Any CPU.Build.0 = Debug|iPhoneSimulator
		{E3F19DC4-213F-405D-8F11-EBE8D4545BB9}.AppStore|ARM.ActiveCfg = Debug|iPhoneSimulator
		{E3F19DC4-213F-405D-8F11-EBE8D4545BB9}.AppStore|ARM.Build.0 = Debug|iPhoneSimulator
		{E3F19DC4-213F-405D-8F11-EBE8D4545BB9}.AppStore|ARM64.ActiveCfg = Debug|iPhoneSimulator
		{E3F19DC4-213F-405D-8F11-EBE8D4545BB9}.AppStore|ARM64.Build.0 = Debug|iPhoneSimulator
		{E3F19DC4-213F-405D-8F11-EBE8D4545BB9}.AppStore|iPhone.ActiveCfg = Debug|iPhoneSimulator
		{E3F19DC4-213F-405D-8F11-EBE8D4545BB9}.AppStore|iPhone.Build.0 = Debug|iPhoneSimulator
		{E3F19DC4-213F-405D-8F11-EBE8D4545BB9}.AppStore|iPhoneSimulator.ActiveCfg = Debug|iPhoneSimulator
		{E3F19DC4-213F-405D-8F11-EBE8D4545BB9}.AppStore|iPhoneSimulator.Build.0 = Debug|iPhoneSimulator
		{E3F19DC4-213F-405D-8F11-EBE8D4545BB9}.AppStore|x64.ActiveCfg = Debug|iPhoneSimulator
		{E3F19DC4-213F-405D-8F11-EBE8D4545BB9}.AppStore|x64.Build.0 = Debug|iPhoneSimulator
		{E3F19DC4-213F-405D-8F11-EBE8D4545BB9}.AppStore|x86.ActiveCfg = Debug|iPhoneSimulator
		{E3F19DC4-213F-405D-8F11-EBE8D4545BB9}.AppStore|x86.Build.0 = Debug|iPhoneSimulator
		{E3F19DC4-213F-405D-8F11-EBE8D4545BB9}.Debug|Any CPU.ActiveCfg = Debug|iPhoneSimulator
		{E3F19DC4-213F-405D-8F11-EBE8D4545BB9}.Debug|ARM.ActiveCfg = Debug|iPhoneSimulator
		{E3F19DC4-213F-405D-8F11-EBE8D4545BB9}.Debug|ARM64.ActiveCfg = Debug|iPhoneSimulator
		{E3F19DC4-213F-405D-8F11-EBE8D4545BB9}.Debug|iPhone.ActiveCfg = Debug|iPhoneSimulator
		{E3F19DC4-213F-405D-8F11-EBE8D4545BB9}.Debug|iPhoneSimulator.ActiveCfg = Debug|iPhoneSimulator
		{E3F19DC4-213F-405D-8F11-EBE8D4545BB9}.Debug|iPhoneSimulator.Build.0 = Debug|iPhoneSimulator
		{E3F19DC4-213F-405D-8F11-EBE8D4545BB9}.Debug|x64.ActiveCfg = Debug|iPhoneSimulator
		{E3F19DC4-213F-405D-8F11-EBE8D4545BB9}.Debug|x86.ActiveCfg = Debug|iPhoneSimulator
		{E3F19DC4-213F-405D-8F11-EBE8D4545BB9}.Release|Any CPU.ActiveCfg = Release|iPhoneSimulator
		{E3F19DC4-213F-405D-8F11-EBE8D4545BB9}.Release|ARM.ActiveCfg = Release|iPhoneSimulator
		{E3F19DC4-213F-405D-8F11-EBE8D4545BB9}.Release|ARM64.ActiveCfg = Release|iPhoneSimulator
		{E3F19DC4-213F-405D-8F11-EBE8D4545BB9}.Release|iPhone.ActiveCfg = Release|iPhoneSimulator
		{E3F19DC4-213F-405D-8F11-EBE8D4545BB9}.Release|iPhoneSimulator.ActiveCfg = Release|iPhoneSimulator
		{E3F19DC4-213F-405D-8F11-EBE8D4545BB9}.Release|iPhoneSimulator.Build.0 = Release|iPhoneSimulator
		{E3F19DC4-213F-405D-8F11-EBE8D4545BB9}.Release|x64.ActiveCfg = Release|iPhoneSimulator
		{E3F19DC4-213F-405D-8F11-EBE8D4545BB9}.Release|x86.ActiveCfg = Release|iPhoneSimulator
		{04326720-8723-4CAC-8239-53F4E6FBFD46}.Ad-Hoc|Any CPU.ActiveCfg = Debug|Any CPU
		{04326720-8723-4CAC-8239-53F4E6FBFD46}.Ad-Hoc|Any CPU.Build.0 = Debug|Any CPU
		{04326720-8723-4CAC-8239-53F4E6FBFD46}.Ad-Hoc|ARM.ActiveCfg = Debug|Any CPU
		{04326720-8723-4CAC-8239-53F4E6FBFD46}.Ad-Hoc|ARM.Build.0 = Debug|Any CPU
		{04326720-8723-4CAC-8239-53F4E6FBFD46}.Ad-Hoc|ARM64.ActiveCfg = Debug|Any CPU
		{04326720-8723-4CAC-8239-53F4E6FBFD46}.Ad-Hoc|ARM64.Build.0 = Debug|Any CPU
		{04326720-8723-4CAC-8239-53F4E6FBFD46}.Ad-Hoc|iPhone.ActiveCfg = Debug|Any CPU
		{04326720-8723-4CAC-8239-53F4E6FBFD46}.Ad-Hoc|iPhone.Build.0 = Debug|Any CPU
		{04326720-8723-4CAC-8239-53F4E6FBFD46}.Ad-Hoc|iPhoneSimulator.ActiveCfg = Debug|Any CPU
		{04326720-8723-4CAC-8239-53F4E6FBFD46}.Ad-Hoc|iPhoneSimulator.Build.0 = Debug|Any CPU
		{04326720-8723-4CAC-8239-53F4E6FBFD46}.Ad-Hoc|x64.ActiveCfg = Debug|Any CPU
		{04326720-8723-4CAC-8239-53F4E6FBFD46}.Ad-Hoc|x64.Build.0 = Debug|Any CPU
		{04326720-8723-4CAC-8239-53F4E6FBFD46}.Ad-Hoc|x86.ActiveCfg = Debug|Any CPU
		{04326720-8723-4CAC-8239-53F4E6FBFD46}.Ad-Hoc|x86.Build.0 = Debug|Any CPU
		{04326720-8723-4CAC-8239-53F4E6FBFD46}.AppStore|Any CPU.ActiveCfg = Debug|Any CPU
		{04326720-8723-4CAC-8239-53F4E6FBFD46}.AppStore|Any CPU.Build.0 = Debug|Any CPU
		{04326720-8723-4CAC-8239-53F4E6FBFD46}.AppStore|ARM.ActiveCfg = Debug|Any CPU
		{04326720-8723-4CAC-8239-53F4E6FBFD46}.AppStore|ARM.Build.0 = Debug|Any CPU
		{04326720-8723-4CAC-8239-53F4E6FBFD46}.AppStore|ARM64.ActiveCfg = Debug|Any CPU
		{04326720-8723-4CAC-8239-53F4E6FBFD46}.AppStore|ARM64.Build.0 = Debug|Any CPU
		{04326720-8723-4CAC-8239-53F4E6FBFD46}.AppStore|iPhone.ActiveCfg = Debug|Any CPU
		{04326720-8723-4CAC-8239-53F4E6FBFD46}.AppStore|iPhone.Build.0 = Debug|Any CPU
		{04326720-8723-4CAC-8239-53F4E6FBFD46}.AppStore|iPhoneSimulator.ActiveCfg = Debug|Any CPU
		{04326720-8723-4CAC-8239-53F4E6FBFD46}.AppStore|iPhoneSimulator.Build.0 = Debug|Any CPU
		{04326720-8723-4CAC-8239-53F4E6FBFD46}.AppStore|x64.ActiveCfg = Debug|Any CPU
		{04326720-8723-4CAC-8239-53F4E6FBFD46}.AppStore|x64.Build.0 = Debug|Any CPU
		{04326720-8723-4CAC-8239-53F4E6FBFD46}.AppStore|x86.ActiveCfg = Debug|Any CPU
		{04326720-8723-4CAC-8239-53F4E6FBFD46}.AppStore|x86.Build.0 = Debug|Any CPU
		{04326720-8723-4CAC-8239-53F4E6FBFD46}.Debug|Any CPU.ActiveCfg = Debug|Any CPU
		{04326720-8723-4CAC-8239-53F4E6FBFD46}.Debug|Any CPU.Build.0 = Debug|Any CPU
		{04326720-8723-4CAC-8239-53F4E6FBFD46}.Debug|ARM.ActiveCfg = Debug|Any CPU
		{04326720-8723-4CAC-8239-53F4E6FBFD46}.Debug|ARM.Build.0 = Debug|Any CPU
		{04326720-8723-4CAC-8239-53F4E6FBFD46}.Debug|ARM64.ActiveCfg = Debug|Any CPU
		{04326720-8723-4CAC-8239-53F4E6FBFD46}.Debug|ARM64.Build.0 = Debug|Any CPU
		{04326720-8723-4CAC-8239-53F4E6FBFD46}.Debug|iPhone.ActiveCfg = Debug|Any CPU
		{04326720-8723-4CAC-8239-53F4E6FBFD46}.Debug|iPhone.Build.0 = Debug|Any CPU
		{04326720-8723-4CAC-8239-53F4E6FBFD46}.Debug|iPhoneSimulator.ActiveCfg = Debug|Any CPU
		{04326720-8723-4CAC-8239-53F4E6FBFD46}.Debug|iPhoneSimulator.Build.0 = Debug|Any CPU
		{04326720-8723-4CAC-8239-53F4E6FBFD46}.Debug|x64.ActiveCfg = Debug|Any CPU
		{04326720-8723-4CAC-8239-53F4E6FBFD46}.Debug|x64.Build.0 = Debug|Any CPU
		{04326720-8723-4CAC-8239-53F4E6FBFD46}.Debug|x86.ActiveCfg = Debug|Any CPU
		{04326720-8723-4CAC-8239-53F4E6FBFD46}.Debug|x86.Build.0 = Debug|Any CPU
		{04326720-8723-4CAC-8239-53F4E6FBFD46}.Release|Any CPU.ActiveCfg = Release|Any CPU
		{04326720-8723-4CAC-8239-53F4E6FBFD46}.Release|Any CPU.Build.0 = Release|Any CPU
		{04326720-8723-4CAC-8239-53F4E6FBFD46}.Release|ARM.ActiveCfg = Release|Any CPU
		{04326720-8723-4CAC-8239-53F4E6FBFD46}.Release|ARM.Build.0 = Release|Any CPU
		{04326720-8723-4CAC-8239-53F4E6FBFD46}.Release|ARM64.ActiveCfg = Release|Any CPU
		{04326720-8723-4CAC-8239-53F4E6FBFD46}.Release|ARM64.Build.0 = Release|Any CPU
		{04326720-8723-4CAC-8239-53F4E6FBFD46}.Release|iPhone.ActiveCfg = Release|Any CPU
		{04326720-8723-4CAC-8239-53F4E6FBFD46}.Release|iPhone.Build.0 = Release|Any CPU
		{04326720-8723-4CAC-8239-53F4E6FBFD46}.Release|iPhoneSimulator.ActiveCfg = Release|Any CPU
		{04326720-8723-4CAC-8239-53F4E6FBFD46}.Release|iPhoneSimulator.Build.0 = Release|Any CPU
		{04326720-8723-4CAC-8239-53F4E6FBFD46}.Release|x64.ActiveCfg = Release|Any CPU
		{04326720-8723-4CAC-8239-53F4E6FBFD46}.Release|x64.Build.0 = Release|Any CPU
		{04326720-8723-4CAC-8239-53F4E6FBFD46}.Release|x86.ActiveCfg = Release|Any CPU
		{04326720-8723-4CAC-8239-53F4E6FBFD46}.Release|x86.Build.0 = Release|Any CPU
		{EAC8831D-2F80-4626-BBE2-4C4A63BDF156}.Ad-Hoc|Any CPU.ActiveCfg = Debug|Any CPU
		{EAC8831D-2F80-4626-BBE2-4C4A63BDF156}.Ad-Hoc|Any CPU.Build.0 = Debug|Any CPU
		{EAC8831D-2F80-4626-BBE2-4C4A63BDF156}.Ad-Hoc|ARM.ActiveCfg = Debug|Any CPU
		{EAC8831D-2F80-4626-BBE2-4C4A63BDF156}.Ad-Hoc|ARM.Build.0 = Debug|Any CPU
		{EAC8831D-2F80-4626-BBE2-4C4A63BDF156}.Ad-Hoc|ARM64.ActiveCfg = Debug|Any CPU
		{EAC8831D-2F80-4626-BBE2-4C4A63BDF156}.Ad-Hoc|ARM64.Build.0 = Debug|Any CPU
		{EAC8831D-2F80-4626-BBE2-4C4A63BDF156}.Ad-Hoc|iPhone.ActiveCfg = Debug|Any CPU
		{EAC8831D-2F80-4626-BBE2-4C4A63BDF156}.Ad-Hoc|iPhone.Build.0 = Debug|Any CPU
		{EAC8831D-2F80-4626-BBE2-4C4A63BDF156}.Ad-Hoc|iPhoneSimulator.ActiveCfg = Debug|Any CPU
		{EAC8831D-2F80-4626-BBE2-4C4A63BDF156}.Ad-Hoc|iPhoneSimulator.Build.0 = Debug|Any CPU
		{EAC8831D-2F80-4626-BBE2-4C4A63BDF156}.Ad-Hoc|x64.ActiveCfg = Debug|Any CPU
		{EAC8831D-2F80-4626-BBE2-4C4A63BDF156}.Ad-Hoc|x64.Build.0 = Debug|Any CPU
		{EAC8831D-2F80-4626-BBE2-4C4A63BDF156}.Ad-Hoc|x86.ActiveCfg = Debug|Any CPU
		{EAC8831D-2F80-4626-BBE2-4C4A63BDF156}.Ad-Hoc|x86.Build.0 = Debug|Any CPU
		{EAC8831D-2F80-4626-BBE2-4C4A63BDF156}.AppStore|Any CPU.ActiveCfg = Debug|Any CPU
		{EAC8831D-2F80-4626-BBE2-4C4A63BDF156}.AppStore|Any CPU.Build.0 = Debug|Any CPU
		{EAC8831D-2F80-4626-BBE2-4C4A63BDF156}.AppStore|ARM.ActiveCfg = Debug|Any CPU
		{EAC8831D-2F80-4626-BBE2-4C4A63BDF156}.AppStore|ARM.Build.0 = Debug|Any CPU
		{EAC8831D-2F80-4626-BBE2-4C4A63BDF156}.AppStore|ARM64.ActiveCfg = Debug|Any CPU
		{EAC8831D-2F80-4626-BBE2-4C4A63BDF156}.AppStore|ARM64.Build.0 = Debug|Any CPU
		{EAC8831D-2F80-4626-BBE2-4C4A63BDF156}.AppStore|iPhone.ActiveCfg = Debug|Any CPU
		{EAC8831D-2F80-4626-BBE2-4C4A63BDF156}.AppStore|iPhone.Build.0 = Debug|Any CPU
		{EAC8831D-2F80-4626-BBE2-4C4A63BDF156}.AppStore|iPhoneSimulator.ActiveCfg = Debug|Any CPU
		{EAC8831D-2F80-4626-BBE2-4C4A63BDF156}.AppStore|iPhoneSimulator.Build.0 = Debug|Any CPU
		{EAC8831D-2F80-4626-BBE2-4C4A63BDF156}.AppStore|x64.ActiveCfg = Debug|Any CPU
		{EAC8831D-2F80-4626-BBE2-4C4A63BDF156}.AppStore|x64.Build.0 = Debug|Any CPU
		{EAC8831D-2F80-4626-BBE2-4C4A63BDF156}.AppStore|x86.ActiveCfg = Debug|Any CPU
		{EAC8831D-2F80-4626-BBE2-4C4A63BDF156}.AppStore|x86.Build.0 = Debug|Any CPU
		{EAC8831D-2F80-4626-BBE2-4C4A63BDF156}.Debug|Any CPU.ActiveCfg = Debug|Any CPU
		{EAC8831D-2F80-4626-BBE2-4C4A63BDF156}.Debug|Any CPU.Build.0 = Debug|Any CPU
		{EAC8831D-2F80-4626-BBE2-4C4A63BDF156}.Debug|ARM.ActiveCfg = Debug|Any CPU
		{EAC8831D-2F80-4626-BBE2-4C4A63BDF156}.Debug|ARM.Build.0 = Debug|Any CPU
		{EAC8831D-2F80-4626-BBE2-4C4A63BDF156}.Debug|ARM64.ActiveCfg = Debug|Any CPU
		{EAC8831D-2F80-4626-BBE2-4C4A63BDF156}.Debug|ARM64.Build.0 = Debug|Any CPU
		{EAC8831D-2F80-4626-BBE2-4C4A63BDF156}.Debug|iPhone.ActiveCfg = Debug|Any CPU
		{EAC8831D-2F80-4626-BBE2-4C4A63BDF156}.Debug|iPhone.Build.0 = Debug|Any CPU
		{EAC8831D-2F80-4626-BBE2-4C4A63BDF156}.Debug|iPhoneSimulator.ActiveCfg = Debug|Any CPU
		{EAC8831D-2F80-4626-BBE2-4C4A63BDF156}.Debug|iPhoneSimulator.Build.0 = Debug|Any CPU
		{EAC8831D-2F80-4626-BBE2-4C4A63BDF156}.Debug|x64.ActiveCfg = Debug|Any CPU
		{EAC8831D-2F80-4626-BBE2-4C4A63BDF156}.Debug|x64.Build.0 = Debug|Any CPU
		{EAC8831D-2F80-4626-BBE2-4C4A63BDF156}.Debug|x86.ActiveCfg = Debug|Any CPU
		{EAC8831D-2F80-4626-BBE2-4C4A63BDF156}.Debug|x86.Build.0 = Debug|Any CPU
		{EAC8831D-2F80-4626-BBE2-4C4A63BDF156}.Release|Any CPU.ActiveCfg = Release|Any CPU
		{EAC8831D-2F80-4626-BBE2-4C4A63BDF156}.Release|Any CPU.Build.0 = Release|Any CPU
		{EAC8831D-2F80-4626-BBE2-4C4A63BDF156}.Release|ARM.ActiveCfg = Release|Any CPU
		{EAC8831D-2F80-4626-BBE2-4C4A63BDF156}.Release|ARM.Build.0 = Release|Any CPU
		{EAC8831D-2F80-4626-BBE2-4C4A63BDF156}.Release|ARM64.ActiveCfg = Release|Any CPU
		{EAC8831D-2F80-4626-BBE2-4C4A63BDF156}.Release|ARM64.Build.0 = Release|Any CPU
		{EAC8831D-2F80-4626-BBE2-4C4A63BDF156}.Release|iPhone.ActiveCfg = Release|Any CPU
		{EAC8831D-2F80-4626-BBE2-4C4A63BDF156}.Release|iPhone.Build.0 = Release|Any CPU
		{EAC8831D-2F80-4626-BBE2-4C4A63BDF156}.Release|iPhoneSimulator.ActiveCfg = Release|Any CPU
		{EAC8831D-2F80-4626-BBE2-4C4A63BDF156}.Release|iPhoneSimulator.Build.0 = Release|Any CPU
		{EAC8831D-2F80-4626-BBE2-4C4A63BDF156}.Release|x64.ActiveCfg = Release|Any CPU
		{EAC8831D-2F80-4626-BBE2-4C4A63BDF156}.Release|x64.Build.0 = Release|Any CPU
		{EAC8831D-2F80-4626-BBE2-4C4A63BDF156}.Release|x86.ActiveCfg = Release|Any CPU
		{EAC8831D-2F80-4626-BBE2-4C4A63BDF156}.Release|x86.Build.0 = Release|Any CPU
		{62EB2266-13A7-4D46-B6FB-367EA3F91098}.Ad-Hoc|Any CPU.ActiveCfg = Debug|Any CPU
		{62EB2266-13A7-4D46-B6FB-367EA3F91098}.Ad-Hoc|Any CPU.Build.0 = Debug|Any CPU
		{62EB2266-13A7-4D46-B6FB-367EA3F91098}.Ad-Hoc|ARM.ActiveCfg = Debug|Any CPU
		{62EB2266-13A7-4D46-B6FB-367EA3F91098}.Ad-Hoc|ARM.Build.0 = Debug|Any CPU
		{62EB2266-13A7-4D46-B6FB-367EA3F91098}.Ad-Hoc|ARM64.ActiveCfg = Debug|Any CPU
		{62EB2266-13A7-4D46-B6FB-367EA3F91098}.Ad-Hoc|ARM64.Build.0 = Debug|Any CPU
		{62EB2266-13A7-4D46-B6FB-367EA3F91098}.Ad-Hoc|iPhone.ActiveCfg = Debug|Any CPU
		{62EB2266-13A7-4D46-B6FB-367EA3F91098}.Ad-Hoc|iPhone.Build.0 = Debug|Any CPU
		{62EB2266-13A7-4D46-B6FB-367EA3F91098}.Ad-Hoc|iPhoneSimulator.ActiveCfg = Debug|Any CPU
		{62EB2266-13A7-4D46-B6FB-367EA3F91098}.Ad-Hoc|iPhoneSimulator.Build.0 = Debug|Any CPU
		{62EB2266-13A7-4D46-B6FB-367EA3F91098}.Ad-Hoc|x64.ActiveCfg = Debug|Any CPU
		{62EB2266-13A7-4D46-B6FB-367EA3F91098}.Ad-Hoc|x64.Build.0 = Debug|Any CPU
		{62EB2266-13A7-4D46-B6FB-367EA3F91098}.Ad-Hoc|x86.ActiveCfg = Debug|Any CPU
		{62EB2266-13A7-4D46-B6FB-367EA3F91098}.Ad-Hoc|x86.Build.0 = Debug|Any CPU
		{62EB2266-13A7-4D46-B6FB-367EA3F91098}.AppStore|Any CPU.ActiveCfg = Debug|Any CPU
		{62EB2266-13A7-4D46-B6FB-367EA3F91098}.AppStore|Any CPU.Build.0 = Debug|Any CPU
		{62EB2266-13A7-4D46-B6FB-367EA3F91098}.AppStore|ARM.ActiveCfg = Debug|Any CPU
		{62EB2266-13A7-4D46-B6FB-367EA3F91098}.AppStore|ARM.Build.0 = Debug|Any CPU
		{62EB2266-13A7-4D46-B6FB-367EA3F91098}.AppStore|ARM64.ActiveCfg = Debug|Any CPU
		{62EB2266-13A7-4D46-B6FB-367EA3F91098}.AppStore|ARM64.Build.0 = Debug|Any CPU
		{62EB2266-13A7-4D46-B6FB-367EA3F91098}.AppStore|iPhone.ActiveCfg = Debug|Any CPU
		{62EB2266-13A7-4D46-B6FB-367EA3F91098}.AppStore|iPhone.Build.0 = Debug|Any CPU
		{62EB2266-13A7-4D46-B6FB-367EA3F91098}.AppStore|iPhoneSimulator.ActiveCfg = Debug|Any CPU
		{62EB2266-13A7-4D46-B6FB-367EA3F91098}.AppStore|iPhoneSimulator.Build.0 = Debug|Any CPU
		{62EB2266-13A7-4D46-B6FB-367EA3F91098}.AppStore|x64.ActiveCfg = Debug|Any CPU
		{62EB2266-13A7-4D46-B6FB-367EA3F91098}.AppStore|x64.Build.0 = Debug|Any CPU
		{62EB2266-13A7-4D46-B6FB-367EA3F91098}.AppStore|x86.ActiveCfg = Debug|Any CPU
		{62EB2266-13A7-4D46-B6FB-367EA3F91098}.AppStore|x86.Build.0 = Debug|Any CPU
		{62EB2266-13A7-4D46-B6FB-367EA3F91098}.Debug|Any CPU.ActiveCfg = Debug|Any CPU
		{62EB2266-13A7-4D46-B6FB-367EA3F91098}.Debug|Any CPU.Build.0 = Debug|Any CPU
		{62EB2266-13A7-4D46-B6FB-367EA3F91098}.Debug|ARM.ActiveCfg = Debug|Any CPU
		{62EB2266-13A7-4D46-B6FB-367EA3F91098}.Debug|ARM.Build.0 = Debug|Any CPU
		{62EB2266-13A7-4D46-B6FB-367EA3F91098}.Debug|ARM64.ActiveCfg = Debug|Any CPU
		{62EB2266-13A7-4D46-B6FB-367EA3F91098}.Debug|ARM64.Build.0 = Debug|Any CPU
		{62EB2266-13A7-4D46-B6FB-367EA3F91098}.Debug|iPhone.ActiveCfg = Debug|Any CPU
		{62EB2266-13A7-4D46-B6FB-367EA3F91098}.Debug|iPhone.Build.0 = Debug|Any CPU
		{62EB2266-13A7-4D46-B6FB-367EA3F91098}.Debug|iPhoneSimulator.ActiveCfg = Debug|Any CPU
		{62EB2266-13A7-4D46-B6FB-367EA3F91098}.Debug|iPhoneSimulator.Build.0 = Debug|Any CPU
		{62EB2266-13A7-4D46-B6FB-367EA3F91098}.Debug|x64.ActiveCfg = Debug|Any CPU
		{62EB2266-13A7-4D46-B6FB-367EA3F91098}.Debug|x64.Build.0 = Debug|Any CPU
		{62EB2266-13A7-4D46-B6FB-367EA3F91098}.Debug|x86.ActiveCfg = Debug|Any CPU
		{62EB2266-13A7-4D46-B6FB-367EA3F91098}.Debug|x86.Build.0 = Debug|Any CPU
		{62EB2266-13A7-4D46-B6FB-367EA3F91098}.Release|Any CPU.ActiveCfg = Release|Any CPU
		{62EB2266-13A7-4D46-B6FB-367EA3F91098}.Release|Any CPU.Build.0 = Release|Any CPU
		{62EB2266-13A7-4D46-B6FB-367EA3F91098}.Release|ARM.ActiveCfg = Release|Any CPU
		{62EB2266-13A7-4D46-B6FB-367EA3F91098}.Release|ARM.Build.0 = Release|Any CPU
		{62EB2266-13A7-4D46-B6FB-367EA3F91098}.Release|ARM64.ActiveCfg = Release|Any CPU
		{62EB2266-13A7-4D46-B6FB-367EA3F91098}.Release|ARM64.Build.0 = Release|Any CPU
		{62EB2266-13A7-4D46-B6FB-367EA3F91098}.Release|iPhone.ActiveCfg = Release|Any CPU
		{62EB2266-13A7-4D46-B6FB-367EA3F91098}.Release|iPhone.Build.0 = Release|Any CPU
		{62EB2266-13A7-4D46-B6FB-367EA3F91098}.Release|iPhoneSimulator.ActiveCfg = Release|Any CPU
		{62EB2266-13A7-4D46-B6FB-367EA3F91098}.Release|iPhoneSimulator.Build.0 = Release|Any CPU
		{62EB2266-13A7-4D46-B6FB-367EA3F91098}.Release|x64.ActiveCfg = Release|Any CPU
		{62EB2266-13A7-4D46-B6FB-367EA3F91098}.Release|x64.Build.0 = Release|Any CPU
		{62EB2266-13A7-4D46-B6FB-367EA3F91098}.Release|x86.ActiveCfg = Release|Any CPU
		{62EB2266-13A7-4D46-B6FB-367EA3F91098}.Release|x86.Build.0 = Release|Any CPU
		{326AB3F5-901E-48B5-A169-34D0FB7BA6A5}.Ad-Hoc|Any CPU.ActiveCfg = Debug|Any CPU
		{326AB3F5-901E-48B5-A169-34D0FB7BA6A5}.Ad-Hoc|Any CPU.Build.0 = Debug|Any CPU
		{326AB3F5-901E-48B5-A169-34D0FB7BA6A5}.Ad-Hoc|ARM.ActiveCfg = Debug|Any CPU
		{326AB3F5-901E-48B5-A169-34D0FB7BA6A5}.Ad-Hoc|ARM.Build.0 = Debug|Any CPU
		{326AB3F5-901E-48B5-A169-34D0FB7BA6A5}.Ad-Hoc|ARM64.ActiveCfg = Debug|Any CPU
		{326AB3F5-901E-48B5-A169-34D0FB7BA6A5}.Ad-Hoc|ARM64.Build.0 = Debug|Any CPU
		{326AB3F5-901E-48B5-A169-34D0FB7BA6A5}.Ad-Hoc|iPhone.ActiveCfg = Debug|Any CPU
		{326AB3F5-901E-48B5-A169-34D0FB7BA6A5}.Ad-Hoc|iPhone.Build.0 = Debug|Any CPU
		{326AB3F5-901E-48B5-A169-34D0FB7BA6A5}.Ad-Hoc|iPhoneSimulator.ActiveCfg = Debug|Any CPU
		{326AB3F5-901E-48B5-A169-34D0FB7BA6A5}.Ad-Hoc|iPhoneSimulator.Build.0 = Debug|Any CPU
		{326AB3F5-901E-48B5-A169-34D0FB7BA6A5}.Ad-Hoc|x64.ActiveCfg = Debug|Any CPU
		{326AB3F5-901E-48B5-A169-34D0FB7BA6A5}.Ad-Hoc|x64.Build.0 = Debug|Any CPU
		{326AB3F5-901E-48B5-A169-34D0FB7BA6A5}.Ad-Hoc|x86.ActiveCfg = Debug|Any CPU
		{326AB3F5-901E-48B5-A169-34D0FB7BA6A5}.Ad-Hoc|x86.Build.0 = Debug|Any CPU
		{326AB3F5-901E-48B5-A169-34D0FB7BA6A5}.AppStore|Any CPU.ActiveCfg = Debug|Any CPU
		{326AB3F5-901E-48B5-A169-34D0FB7BA6A5}.AppStore|Any CPU.Build.0 = Debug|Any CPU
		{326AB3F5-901E-48B5-A169-34D0FB7BA6A5}.AppStore|ARM.ActiveCfg = Debug|Any CPU
		{326AB3F5-901E-48B5-A169-34D0FB7BA6A5}.AppStore|ARM.Build.0 = Debug|Any CPU
		{326AB3F5-901E-48B5-A169-34D0FB7BA6A5}.AppStore|ARM64.ActiveCfg = Debug|Any CPU
		{326AB3F5-901E-48B5-A169-34D0FB7BA6A5}.AppStore|ARM64.Build.0 = Debug|Any CPU
		{326AB3F5-901E-48B5-A169-34D0FB7BA6A5}.AppStore|iPhone.ActiveCfg = Debug|Any CPU
		{326AB3F5-901E-48B5-A169-34D0FB7BA6A5}.AppStore|iPhone.Build.0 = Debug|Any CPU
		{326AB3F5-901E-48B5-A169-34D0FB7BA6A5}.AppStore|iPhoneSimulator.ActiveCfg = Debug|Any CPU
		{326AB3F5-901E-48B5-A169-34D0FB7BA6A5}.AppStore|iPhoneSimulator.Build.0 = Debug|Any CPU
		{326AB3F5-901E-48B5-A169-34D0FB7BA6A5}.AppStore|x64.ActiveCfg = Debug|Any CPU
		{326AB3F5-901E-48B5-A169-34D0FB7BA6A5}.AppStore|x64.Build.0 = Debug|Any CPU
		{326AB3F5-901E-48B5-A169-34D0FB7BA6A5}.AppStore|x86.ActiveCfg = Debug|Any CPU
		{326AB3F5-901E-48B5-A169-34D0FB7BA6A5}.AppStore|x86.Build.0 = Debug|Any CPU
		{326AB3F5-901E-48B5-A169-34D0FB7BA6A5}.Debug|Any CPU.ActiveCfg = Debug|Any CPU
		{326AB3F5-901E-48B5-A169-34D0FB7BA6A5}.Debug|Any CPU.Build.0 = Debug|Any CPU
		{326AB3F5-901E-48B5-A169-34D0FB7BA6A5}.Debug|ARM.ActiveCfg = Debug|Any CPU
		{326AB3F5-901E-48B5-A169-34D0FB7BA6A5}.Debug|ARM.Build.0 = Debug|Any CPU
		{326AB3F5-901E-48B5-A169-34D0FB7BA6A5}.Debug|ARM64.ActiveCfg = Debug|Any CPU
		{326AB3F5-901E-48B5-A169-34D0FB7BA6A5}.Debug|ARM64.Build.0 = Debug|Any CPU
		{326AB3F5-901E-48B5-A169-34D0FB7BA6A5}.Debug|iPhone.ActiveCfg = Debug|Any CPU
		{326AB3F5-901E-48B5-A169-34D0FB7BA6A5}.Debug|iPhone.Build.0 = Debug|Any CPU
		{326AB3F5-901E-48B5-A169-34D0FB7BA6A5}.Debug|iPhoneSimulator.ActiveCfg = Debug|Any CPU
		{326AB3F5-901E-48B5-A169-34D0FB7BA6A5}.Debug|iPhoneSimulator.Build.0 = Debug|Any CPU
		{326AB3F5-901E-48B5-A169-34D0FB7BA6A5}.Debug|x64.ActiveCfg = Debug|Any CPU
		{326AB3F5-901E-48B5-A169-34D0FB7BA6A5}.Debug|x64.Build.0 = Debug|Any CPU
		{326AB3F5-901E-48B5-A169-34D0FB7BA6A5}.Debug|x86.ActiveCfg = Debug|Any CPU
		{326AB3F5-901E-48B5-A169-34D0FB7BA6A5}.Debug|x86.Build.0 = Debug|Any CPU
		{326AB3F5-901E-48B5-A169-34D0FB7BA6A5}.Release|Any CPU.ActiveCfg = Release|Any CPU
		{326AB3F5-901E-48B5-A169-34D0FB7BA6A5}.Release|Any CPU.Build.0 = Release|Any CPU
		{326AB3F5-901E-48B5-A169-34D0FB7BA6A5}.Release|ARM.ActiveCfg = Release|Any CPU
		{326AB3F5-901E-48B5-A169-34D0FB7BA6A5}.Release|ARM.Build.0 = Release|Any CPU
		{326AB3F5-901E-48B5-A169-34D0FB7BA6A5}.Release|ARM64.ActiveCfg = Release|Any CPU
		{326AB3F5-901E-48B5-A169-34D0FB7BA6A5}.Release|ARM64.Build.0 = Release|Any CPU
		{326AB3F5-901E-48B5-A169-34D0FB7BA6A5}.Release|iPhone.ActiveCfg = Release|Any CPU
		{326AB3F5-901E-48B5-A169-34D0FB7BA6A5}.Release|iPhone.Build.0 = Release|Any CPU
		{326AB3F5-901E-48B5-A169-34D0FB7BA6A5}.Release|iPhoneSimulator.ActiveCfg = Release|Any CPU
		{326AB3F5-901E-48B5-A169-34D0FB7BA6A5}.Release|iPhoneSimulator.Build.0 = Release|Any CPU
		{326AB3F5-901E-48B5-A169-34D0FB7BA6A5}.Release|x64.ActiveCfg = Release|Any CPU
		{326AB3F5-901E-48B5-A169-34D0FB7BA6A5}.Release|x64.Build.0 = Release|Any CPU
		{326AB3F5-901E-48B5-A169-34D0FB7BA6A5}.Release|x86.ActiveCfg = Release|Any CPU
		{326AB3F5-901E-48B5-A169-34D0FB7BA6A5}.Release|x86.Build.0 = Release|Any CPU
	EndGlobalSection
	GlobalSection(SolutionProperties) = preSolution
		HideSolutionNode = FALSE
	EndGlobalSection
	GlobalSection(NestedProjects) = preSolution
		{7BEBD6A2-DB56-4672-B175-B7740CBEC172} = {548E69C8-06E8-4A4C-B075-D14A7BD0FE90}
		{10ED72F8-2001-4F7A-95EA-679F376D742B} = {548E69C8-06E8-4A4C-B075-D14A7BD0FE90}
		{1445D31D-45EA-4B70-89A0-34DCF930CA3E} = {548E69C8-06E8-4A4C-B075-D14A7BD0FE90}
		{CD33041B-281E-458F-AC34-F40DC9AB3D02} = {548E69C8-06E8-4A4C-B075-D14A7BD0FE90}
		{E3F19DC4-213F-405D-8F11-EBE8D4545BB9} = {548E69C8-06E8-4A4C-B075-D14A7BD0FE90}
		{04326720-8723-4CAC-8239-53F4E6FBFD46} = {548E69C8-06E8-4A4C-B075-D14A7BD0FE90}
		{EAC8831D-2F80-4626-BBE2-4C4A63BDF156} = {548E69C8-06E8-4A4C-B075-D14A7BD0FE90}
		{62EB2266-13A7-4D46-B6FB-367EA3F91098} = {548E69C8-06E8-4A4C-B075-D14A7BD0FE90}
		{326AB3F5-901E-48B5-A169-34D0FB7BA6A5} = {548E69C8-06E8-4A4C-B075-D14A7BD0FE90}
	EndGlobalSection
	GlobalSection(ExtensibilityGlobals) = postSolution
		SolutionGuid = {8CBA0AA9-6D56-474D-BD77-383E7237042A}
	EndGlobalSection
EndGlobal
