
Microsoft Visual Studio Solution File, Format Version 12.00
# Visual Studio Version 17
VisualStudioVersion = 17.3.32929.385
MinimumVisualStudioVersion = 10.0.40219.1
Project("{2150E333-8FDC-42A3-9474-1A3956D46DE8}") = "Platforms", "Platforms", "{548E69C8-06E8-4A4C-B075-D14A7BD0FE90}"
	ProjectSection(SolutionItems) = preProject
		TCDI\TemplatedContentDialogIssue.iOS\TemplatedContentDialogIssue.iOS.csproj = TCDI\TemplatedContentDialogIssue.iOS\TemplatedContentDialogIssue.iOS.csproj
	EndProjectSection
EndProject
Project("{2150E333-8FDC-42A3-9474-1A3956D46DE8}") = "Solution Items", "Solution Items", "{C387D7F1-25B8-4094-A011-D2BC2FAC7790}"
	ProjectSection(SolutionItems) = preProject
		.gitignore = .gitignore
		README.md = README.md
	EndProjectSection
EndProject
Project("{FAE04EC0-301F-11D3-BF4B-00C04F79EFBC}") = "PureUWPApp", "PureUWPApp\PureUWPApp.csproj", "{6016B78D-46AD-4771-9479-77B5ACACCA68}"
EndProject
Project("{D954291E-2A0B-460D-934E-DC6B0785DB48}") = "TemplatedContentDialogIssue.Shared", "TCDI\TemplatedContentDialogIssue.Shared\TemplatedContentDialogIssue.Shared.shproj", "{6279C845-92F8-4333-AB99-3D213163593C}"
EndProject
Project("{9A19103F-16F7-4668-BE54-9A1E7A4F7556}") = "TCDialogIssue.Droid", "TCDI\TemplatedContentDialogIssue.Droid\TCDialogIssue.Droid.csproj", "{D21DC722-EAAD-4B94-94D1-F74403DD70FE}"
EndProject
Project("{9A19103F-16F7-4668-BE54-9A1E7A4F7556}") = "TemplatedContentDialogIssue.Wasm", "TCDI\TemplatedContentDialogIssue.Wasm\TemplatedContentDialogIssue.Wasm.csproj", "{E2A6EF92-D301-4FC7-9424-18893C3A2A0A}"
EndProject
Project("{9A19103F-16F7-4668-BE54-9A1E7A4F7556}") = "TemplatedContentDialogIssue.iOS", "TCDI\TemplatedContentDialogIssue.iOS\TemplatedContentDialogIssue.iOS.csproj", "{9AF64FCE-A721-4D6E-8F17-0EF35E913CFC}"
EndProject
Project("{9A19103F-16F7-4668-BE54-9A1E7A4F7556}") = "TemplatedContentDialogIssue.macOS", "TCDI\TemplatedContentDialogIssue.macOS\TemplatedContentDialogIssue.macOS.csproj", "{F2AB12EB-203E-486C-A0FE-07D906872A59}"
EndProject
Project("{FAE04EC0-301F-11D3-BF4B-00C04F79EFBC}") = "TemplatedContentDialogIssue.UWP", "TCDI\TemplatedContentDialogIssue.UWP\TemplatedContentDialogIssue.UWP.csproj", "{1445D31D-45EA-4B70-89A0-34DCF930CA3E}"
EndProject
Global
	GlobalSection(SolutionConfigurationPlatforms) = preSolution
		Ad-Hoc|Any CPU = Ad-Hoc|Any CPU
		Ad-Hoc|ARM = Ad-Hoc|ARM
		Ad-Hoc|ARM64 = Ad-Hoc|ARM64
		Ad-Hoc|iPhone = Ad-Hoc|iPhone
		Ad-Hoc|iPhoneSimulator = Ad-Hoc|iPhoneSimulator
		Ad-Hoc|x64 = Ad-Hoc|x64
		Ad-Hoc|x86 = Ad-Hoc|x86
		AppStore|Any CPU = AppStore|Any CPU
		AppStore|ARM = AppStore|ARM
		AppStore|ARM64 = AppStore|ARM64
		AppStore|iPhone = AppStore|iPhone
		AppStore|iPhoneSimulator = AppStore|iPhoneSimulator
		AppStore|x64 = AppStore|x64
		AppStore|x86 = AppStore|x86
		Debug|Any CPU = Debug|Any CPU
		Debug|ARM = Debug|ARM
		Debug|ARM64 = Debug|ARM64
		Debug|iPhone = Debug|iPhone
		Debug|iPhoneSimulator = Debug|iPhoneSimulator
		Debug|x64 = Debug|x64
		Debug|x86 = Debug|x86
		Release|Any CPU = Release|Any CPU
		Release|ARM = Release|ARM
		Release|ARM64 = Release|ARM64
		Release|iPhone = Release|iPhone
		Release|iPhoneSimulator = Release|iPhoneSimulator
		Release|x64 = Release|x64
		Release|x86 = Release|x86
	EndGlobalSection
	GlobalSection(ProjectConfigurationPlatforms) = postSolution
		{6016B78D-46AD-4771-9479-77B5ACACCA68}.Ad-Hoc|Any CPU.ActiveCfg = Debug|x86
		{6016B78D-46AD-4771-9479-77B5ACACCA68}.Ad-Hoc|Any CPU.Build.0 = Debug|x86
		{6016B78D-46AD-4771-9479-77B5ACACCA68}.Ad-Hoc|Any CPU.Deploy.0 = Debug|x86
		{6016B78D-46AD-4771-9479-77B5ACACCA68}.Ad-Hoc|ARM.ActiveCfg = Debug|ARM
		{6016B78D-46AD-4771-9479-77B5ACACCA68}.Ad-Hoc|ARM.Build.0 = Debug|ARM
		{6016B78D-46AD-4771-9479-77B5ACACCA68}.Ad-Hoc|ARM.Deploy.0 = Debug|ARM
		{6016B78D-46AD-4771-9479-77B5ACACCA68}.Ad-Hoc|ARM64.ActiveCfg = Debug|ARM64
		{6016B78D-46AD-4771-9479-77B5ACACCA68}.Ad-Hoc|ARM64.Build.0 = Debug|ARM64
		{6016B78D-46AD-4771-9479-77B5ACACCA68}.Ad-Hoc|ARM64.Deploy.0 = Debug|ARM64
		{6016B78D-46AD-4771-9479-77B5ACACCA68}.Ad-Hoc|iPhone.ActiveCfg = Debug|x86
		{6016B78D-46AD-4771-9479-77B5ACACCA68}.Ad-Hoc|iPhone.Build.0 = Debug|x86
		{6016B78D-46AD-4771-9479-77B5ACACCA68}.Ad-Hoc|iPhone.Deploy.0 = Debug|x86
		{6016B78D-46AD-4771-9479-77B5ACACCA68}.Ad-Hoc|iPhoneSimulator.ActiveCfg = Debug|x86
		{6016B78D-46AD-4771-9479-77B5ACACCA68}.Ad-Hoc|iPhoneSimulator.Build.0 = Debug|x86
		{6016B78D-46AD-4771-9479-77B5ACACCA68}.Ad-Hoc|iPhoneSimulator.Deploy.0 = Debug|x86
		{6016B78D-46AD-4771-9479-77B5ACACCA68}.Ad-Hoc|x64.ActiveCfg = Debug|x64
		{6016B78D-46AD-4771-9479-77B5ACACCA68}.Ad-Hoc|x64.Build.0 = Debug|x64
		{6016B78D-46AD-4771-9479-77B5ACACCA68}.Ad-Hoc|x64.Deploy.0 = Debug|x64
		{6016B78D-46AD-4771-9479-77B5ACACCA68}.Ad-Hoc|x86.ActiveCfg = Debug|x86
		{6016B78D-46AD-4771-9479-77B5ACACCA68}.Ad-Hoc|x86.Build.0 = Debug|x86
		{6016B78D-46AD-4771-9479-77B5ACACCA68}.Ad-Hoc|x86.Deploy.0 = Debug|x86
		{6016B78D-46AD-4771-9479-77B5ACACCA68}.AppStore|Any CPU.ActiveCfg = Debug|x86
		{6016B78D-46AD-4771-9479-77B5ACACCA68}.AppStore|Any CPU.Build.0 = Debug|x86
		{6016B78D-46AD-4771-9479-77B5ACACCA68}.AppStore|Any CPU.Deploy.0 = Debug|x86
		{6016B78D-46AD-4771-9479-77B5ACACCA68}.AppStore|ARM.ActiveCfg = Debug|ARM
		{6016B78D-46AD-4771-9479-77B5ACACCA68}.AppStore|ARM.Build.0 = Debug|ARM
		{6016B78D-46AD-4771-9479-77B5ACACCA68}.AppStore|ARM.Deploy.0 = Debug|ARM
		{6016B78D-46AD-4771-9479-77B5ACACCA68}.AppStore|ARM64.ActiveCfg = Debug|ARM64
		{6016B78D-46AD-4771-9479-77B5ACACCA68}.AppStore|ARM64.Build.0 = Debug|ARM64
		{6016B78D-46AD-4771-9479-77B5ACACCA68}.AppStore|ARM64.Deploy.0 = Debug|ARM64
		{6016B78D-46AD-4771-9479-77B5ACACCA68}.AppStore|iPhone.ActiveCfg = Debug|x86
		{6016B78D-46AD-4771-9479-77B5ACACCA68}.AppStore|iPhone.Build.0 = Debug|x86
		{6016B78D-46AD-4771-9479-77B5ACACCA68}.AppStore|iPhone.Deploy.0 = Debug|x86
		{6016B78D-46AD-4771-9479-77B5ACACCA68}.AppStore|iPhoneSimulator.ActiveCfg = Debug|x86
		{6016B78D-46AD-4771-9479-77B5ACACCA68}.AppStore|iPhoneSimulator.Build.0 = Debug|x86
		{6016B78D-46AD-4771-9479-77B5ACACCA68}.AppStore|iPhoneSimulator.Deploy.0 = Debug|x86
		{6016B78D-46AD-4771-9479-77B5ACACCA68}.AppStore|x64.ActiveCfg = Debug|x64
		{6016B78D-46AD-4771-9479-77B5ACACCA68}.AppStore|x64.Build.0 = Debug|x64
		{6016B78D-46AD-4771-9479-77B5ACACCA68}.AppStore|x64.Deploy.0 = Debug|x64
		{6016B78D-46AD-4771-9479-77B5ACACCA68}.AppStore|x86.ActiveCfg = Debug|x86
		{6016B78D-46AD-4771-9479-77B5ACACCA68}.AppStore|x86.Build.0 = Debug|x86
		{6016B78D-46AD-4771-9479-77B5ACACCA68}.AppStore|x86.Deploy.0 = Debug|x86
		{6016B78D-46AD-4771-9479-77B5ACACCA68}.Debug|Any CPU.ActiveCfg = Debug|x86
		{6016B78D-46AD-4771-9479-77B5ACACCA68}.Debug|Any CPU.Build.0 = Debug|x86
		{6016B78D-46AD-4771-9479-77B5ACACCA68}.Debug|ARM.ActiveCfg = Debug|ARM
		{6016B78D-46AD-4771-9479-77B5ACACCA68}.Debug|ARM.Build.0 = Debug|ARM
		{6016B78D-46AD-4771-9479-77B5ACACCA68}.Debug|ARM.Deploy.0 = Debug|ARM
		{6016B78D-46AD-4771-9479-77B5ACACCA68}.Debug|ARM64.ActiveCfg = Debug|ARM64
		{6016B78D-46AD-4771-9479-77B5ACACCA68}.Debug|ARM64.Build.0 = Debug|ARM64
		{6016B78D-46AD-4771-9479-77B5ACACCA68}.Debug|ARM64.Deploy.0 = Debug|ARM64
		{6016B78D-46AD-4771-9479-77B5ACACCA68}.Debug|iPhone.ActiveCfg = Debug|x86
		{6016B78D-46AD-4771-9479-77B5ACACCA68}.Debug|iPhoneSimulator.ActiveCfg = Debug|x86
		{6016B78D-46AD-4771-9479-77B5ACACCA68}.Debug|x64.ActiveCfg = Debug|x64
		{6016B78D-46AD-4771-9479-77B5ACACCA68}.Debug|x64.Build.0 = Debug|x64
		{6016B78D-46AD-4771-9479-77B5ACACCA68}.Debug|x64.Deploy.0 = Debug|x64
		{6016B78D-46AD-4771-9479-77B5ACACCA68}.Debug|x86.ActiveCfg = Debug|x86
		{6016B78D-46AD-4771-9479-77B5ACACCA68}.Debug|x86.Build.0 = Debug|x86
		{6016B78D-46AD-4771-9479-77B5ACACCA68}.Debug|x86.Deploy.0 = Debug|x86
		{6016B78D-46AD-4771-9479-77B5ACACCA68}.Release|Any CPU.ActiveCfg = Release|x86
		{6016B78D-46AD-4771-9479-77B5ACACCA68}.Release|ARM.ActiveCfg = Release|ARM
		{6016B78D-46AD-4771-9479-77B5ACACCA68}.Release|ARM.Build.0 = Release|ARM
		{6016B78D-46AD-4771-9479-77B5ACACCA68}.Release|ARM.Deploy.0 = Release|ARM
		{6016B78D-46AD-4771-9479-77B5ACACCA68}.Release|ARM64.ActiveCfg = Release|ARM64
		{6016B78D-46AD-4771-9479-77B5ACACCA68}.Release|ARM64.Build.0 = Release|ARM64
		{6016B78D-46AD-4771-9479-77B5ACACCA68}.Release|ARM64.Deploy.0 = Release|ARM64
		{6016B78D-46AD-4771-9479-77B5ACACCA68}.Release|iPhone.ActiveCfg = Release|x86
		{6016B78D-46AD-4771-9479-77B5ACACCA68}.Release|iPhoneSimulator.ActiveCfg = Release|x86
		{6016B78D-46AD-4771-9479-77B5ACACCA68}.Release|x64.ActiveCfg = Release|x64
		{6016B78D-46AD-4771-9479-77B5ACACCA68}.Release|x64.Build.0 = Release|x64
		{6016B78D-46AD-4771-9479-77B5ACACCA68}.Release|x64.Deploy.0 = Release|x64
		{6016B78D-46AD-4771-9479-77B5ACACCA68}.Release|x86.ActiveCfg = Release|x86
		{6016B78D-46AD-4771-9479-77B5ACACCA68}.Release|x86.Build.0 = Release|x86
		{6016B78D-46AD-4771-9479-77B5ACACCA68}.Release|x86.Deploy.0 = Release|x86
		{D21DC722-EAAD-4B94-94D1-F74403DD70FE}.Ad-Hoc|Any CPU.ActiveCfg = Debug|Any CPU
		{D21DC722-EAAD-4B94-94D1-F74403DD70FE}.Ad-Hoc|Any CPU.Build.0 = Debug|Any CPU
		{D21DC722-EAAD-4B94-94D1-F74403DD70FE}.Ad-Hoc|Any CPU.Deploy.0 = Debug|Any CPU
		{D21DC722-EAAD-4B94-94D1-F74403DD70FE}.Ad-Hoc|ARM.ActiveCfg = Debug|Any CPU
		{D21DC722-EAAD-4B94-94D1-F74403DD70FE}.Ad-Hoc|ARM.Build.0 = Debug|Any CPU
		{D21DC722-EAAD-4B94-94D1-F74403DD70FE}.Ad-Hoc|ARM.Deploy.0 = Debug|Any CPU
		{D21DC722-EAAD-4B94-94D1-F74403DD70FE}.Ad-Hoc|ARM64.ActiveCfg = Debug|Any CPU
		{D21DC722-EAAD-4B94-94D1-F74403DD70FE}.Ad-Hoc|ARM64.Build.0 = Debug|Any CPU
		{D21DC722-EAAD-4B94-94D1-F74403DD70FE}.Ad-Hoc|ARM64.Deploy.0 = Debug|Any CPU
		{D21DC722-EAAD-4B94-94D1-F74403DD70FE}.Ad-Hoc|iPhone.ActiveCfg = Debug|Any CPU
		{D21DC722-EAAD-4B94-94D1-F74403DD70FE}.Ad-Hoc|iPhone.Build.0 = Debug|Any CPU
		{D21DC722-EAAD-4B94-94D1-F74403DD70FE}.Ad-Hoc|iPhone.Deploy.0 = Debug|Any CPU
		{D21DC722-EAAD-4B94-94D1-F74403DD70FE}.Ad-Hoc|iPhoneSimulator.ActiveCfg = Debug|Any CPU
		{D21DC722-EAAD-4B94-94D1-F74403DD70FE}.Ad-Hoc|iPhoneSimulator.Build.0 = Debug|Any CPU
		{D21DC722-EAAD-4B94-94D1-F74403DD70FE}.Ad-Hoc|iPhoneSimulator.Deploy.0 = Debug|Any CPU
		{D21DC722-EAAD-4B94-94D1-F74403DD70FE}.Ad-Hoc|x64.ActiveCfg = Debug|Any CPU
		{D21DC722-EAAD-4B94-94D1-F74403DD70FE}.Ad-Hoc|x64.Build.0 = Debug|Any CPU
		{D21DC722-EAAD-4B94-94D1-F74403DD70FE}.Ad-Hoc|x64.Deploy.0 = Debug|Any CPU
		{D21DC722-EAAD-4B94-94D1-F74403DD70FE}.Ad-Hoc|x86.ActiveCfg = Debug|Any CPU
		{D21DC722-EAAD-4B94-94D1-F74403DD70FE}.Ad-Hoc|x86.Build.0 = Debug|Any CPU
		{D21DC722-EAAD-4B94-94D1-F74403DD70FE}.Ad-Hoc|x86.Deploy.0 = Debug|Any CPU
		{D21DC722-EAAD-4B94-94D1-F74403DD70FE}.AppStore|Any CPU.ActiveCfg = Debug|Any CPU
		{D21DC722-EAAD-4B94-94D1-F74403DD70FE}.AppStore|Any CPU.Build.0 = Debug|Any CPU
		{D21DC722-EAAD-4B94-94D1-F74403DD70FE}.AppStore|Any CPU.Deploy.0 = Debug|Any CPU
		{D21DC722-EAAD-4B94-94D1-F74403DD70FE}.AppStore|ARM.ActiveCfg = Debug|Any CPU
		{D21DC722-EAAD-4B94-94D1-F74403DD70FE}.AppStore|ARM.Build.0 = Debug|Any CPU
		{D21DC722-EAAD-4B94-94D1-F74403DD70FE}.AppStore|ARM.Deploy.0 = Debug|Any CPU
		{D21DC722-EAAD-4B94-94D1-F74403DD70FE}.AppStore|ARM64.ActiveCfg = Debug|Any CPU
		{D21DC722-EAAD-4B94-94D1-F74403DD70FE}.AppStore|ARM64.Build.0 = Debug|Any CPU
		{D21DC722-EAAD-4B94-94D1-F74403DD70FE}.AppStore|ARM64.Deploy.0 = Debug|Any CPU
		{D21DC722-EAAD-4B94-94D1-F74403DD70FE}.AppStore|iPhone.ActiveCfg = Debug|Any CPU
		{D21DC722-EAAD-4B94-94D1-F74403DD70FE}.AppStore|iPhone.Build.0 = Debug|Any CPU
		{D21DC722-EAAD-4B94-94D1-F74403DD70FE}.AppStore|iPhone.Deploy.0 = Debug|Any CPU
		{D21DC722-EAAD-4B94-94D1-F74403DD70FE}.AppStore|iPhoneSimulator.ActiveCfg = Debug|Any CPU
		{D21DC722-EAAD-4B94-94D1-F74403DD70FE}.AppStore|iPhoneSimulator.Build.0 = Debug|Any CPU
		{D21DC722-EAAD-4B94-94D1-F74403DD70FE}.AppStore|iPhoneSimulator.Deploy.0 = Debug|Any CPU
		{D21DC722-EAAD-4B94-94D1-F74403DD70FE}.AppStore|x64.ActiveCfg = Debug|Any CPU
		{D21DC722-EAAD-4B94-94D1-F74403DD70FE}.AppStore|x64.Build.0 = Debug|Any CPU
		{D21DC722-EAAD-4B94-94D1-F74403DD70FE}.AppStore|x64.Deploy.0 = Debug|Any CPU
		{D21DC722-EAAD-4B94-94D1-F74403DD70FE}.AppStore|x86.ActiveCfg = Debug|Any CPU
		{D21DC722-EAAD-4B94-94D1-F74403DD70FE}.AppStore|x86.Build.0 = Debug|Any CPU
		{D21DC722-EAAD-4B94-94D1-F74403DD70FE}.AppStore|x86.Deploy.0 = Debug|Any CPU
		{D21DC722-EAAD-4B94-94D1-F74403DD70FE}.Debug|Any CPU.ActiveCfg = Debug|Any CPU
		{D21DC722-EAAD-4B94-94D1-F74403DD70FE}.Debug|Any CPU.Build.0 = Debug|Any CPU
		{D21DC722-EAAD-4B94-94D1-F74403DD70FE}.Debug|Any CPU.Deploy.0 = Debug|Any CPU
		{D21DC722-EAAD-4B94-94D1-F74403DD70FE}.Debug|ARM.ActiveCfg = Debug|Any CPU
		{D21DC722-EAAD-4B94-94D1-F74403DD70FE}.Debug|ARM.Build.0 = Debug|Any CPU
		{D21DC722-EAAD-4B94-94D1-F74403DD70FE}.Debug|ARM.Deploy.0 = Debug|Any CPU
		{D21DC722-EAAD-4B94-94D1-F74403DD70FE}.Debug|ARM64.ActiveCfg = Debug|Any CPU
		{D21DC722-EAAD-4B94-94D1-F74403DD70FE}.Debug|ARM64.Build.0 = Debug|Any CPU
		{D21DC722-EAAD-4B94-94D1-F74403DD70FE}.Debug|ARM64.Deploy.0 = Debug|Any CPU
		{D21DC722-EAAD-4B94-94D1-F74403DD70FE}.Debug|iPhone.ActiveCfg = Debug|Any CPU
		{D21DC722-EAAD-4B94-94D1-F74403DD70FE}.Debug|iPhone.Build.0 = Debug|Any CPU
		{D21DC722-EAAD-4B94-94D1-F74403DD70FE}.Debug|iPhone.Deploy.0 = Debug|Any CPU
		{D21DC722-EAAD-4B94-94D1-F74403DD70FE}.Debug|iPhoneSimulator.ActiveCfg = Debug|Any CPU
		{D21DC722-EAAD-4B94-94D1-F74403DD70FE}.Debug|iPhoneSimulator.Build.0 = Debug|Any CPU
		{D21DC722-EAAD-4B94-94D1-F74403DD70FE}.Debug|iPhoneSimulator.Deploy.0 = Debug|Any CPU
		{D21DC722-EAAD-4B94-94D1-F74403DD70FE}.Debug|x64.ActiveCfg = Debug|Any CPU
		{D21DC722-EAAD-4B94-94D1-F74403DD70FE}.Debug|x64.Build.0 = Debug|Any CPU
		{D21DC722-EAAD-4B94-94D1-F74403DD70FE}.Debug|x64.Deploy.0 = Debug|Any CPU
		{D21DC722-EAAD-4B94-94D1-F74403DD70FE}.Debug|x86.ActiveCfg = Debug|Any CPU
		{D21DC722-EAAD-4B94-94D1-F74403DD70FE}.Debug|x86.Build.0 = Debug|Any CPU
		{D21DC722-EAAD-4B94-94D1-F74403DD70FE}.Debug|x86.Deploy.0 = Debug|Any CPU
		{D21DC722-EAAD-4B94-94D1-F74403DD70FE}.Release|Any CPU.ActiveCfg = Release|Any CPU
		{D21DC722-EAAD-4B94-94D1-F74403DD70FE}.Release|Any CPU.Build.0 = Release|Any CPU
		{D21DC722-EAAD-4B94-94D1-F74403DD70FE}.Release|Any CPU.Deploy.0 = Release|Any CPU
		{D21DC722-EAAD-4B94-94D1-F74403DD70FE}.Release|ARM.ActiveCfg = Release|Any CPU
		{D21DC722-EAAD-4B94-94D1-F74403DD70FE}.Release|ARM.Build.0 = Release|Any CPU
		{D21DC722-EAAD-4B94-94D1-F74403DD70FE}.Release|ARM.Deploy.0 = Release|Any CPU
		{D21DC722-EAAD-4B94-94D1-F74403DD70FE}.Release|ARM64.ActiveCfg = Release|Any CPU
		{D21DC722-EAAD-4B94-94D1-F74403DD70FE}.Release|ARM64.Build.0 = Release|Any CPU
		{D21DC722-EAAD-4B94-94D1-F74403DD70FE}.Release|ARM64.Deploy.0 = Release|Any CPU
		{D21DC722-EAAD-4B94-94D1-F74403DD70FE}.Release|iPhone.ActiveCfg = Release|Any CPU
		{D21DC722-EAAD-4B94-94D1-F74403DD70FE}.Release|iPhone.Build.0 = Release|Any CPU
		{D21DC722-EAAD-4B94-94D1-F74403DD70FE}.Release|iPhone.Deploy.0 = Release|Any CPU
		{D21DC722-EAAD-4B94-94D1-F74403DD70FE}.Release|iPhoneSimulator.ActiveCfg = Release|Any CPU
		{D21DC722-EAAD-4B94-94D1-F74403DD70FE}.Release|iPhoneSimulator.Build.0 = Release|Any CPU
		{D21DC722-EAAD-4B94-94D1-F74403DD70FE}.Release|iPhoneSimulator.Deploy.0 = Release|Any CPU
		{D21DC722-EAAD-4B94-94D1-F74403DD70FE}.Release|x64.ActiveCfg = Release|Any CPU
		{D21DC722-EAAD-4B94-94D1-F74403DD70FE}.Release|x64.Build.0 = Release|Any CPU
		{D21DC722-EAAD-4B94-94D1-F74403DD70FE}.Release|x64.Deploy.0 = Release|Any CPU
		{D21DC722-EAAD-4B94-94D1-F74403DD70FE}.Release|x86.ActiveCfg = Release|Any CPU
		{D21DC722-EAAD-4B94-94D1-F74403DD70FE}.Release|x86.Build.0 = Release|Any CPU
		{D21DC722-EAAD-4B94-94D1-F74403DD70FE}.Release|x86.Deploy.0 = Release|Any CPU
		{E2A6EF92-D301-4FC7-9424-18893C3A2A0A}.Ad-Hoc|Any CPU.ActiveCfg = Debug|Any CPU
		{E2A6EF92-D301-4FC7-9424-18893C3A2A0A}.Ad-Hoc|Any CPU.Build.0 = Debug|Any CPU
		{E2A6EF92-D301-4FC7-9424-18893C3A2A0A}.Ad-Hoc|ARM.ActiveCfg = Debug|Any CPU
		{E2A6EF92-D301-4FC7-9424-18893C3A2A0A}.Ad-Hoc|ARM.Build.0 = Debug|Any CPU
		{E2A6EF92-D301-4FC7-9424-18893C3A2A0A}.Ad-Hoc|ARM64.ActiveCfg = Debug|Any CPU
		{E2A6EF92-D301-4FC7-9424-18893C3A2A0A}.Ad-Hoc|ARM64.Build.0 = Debug|Any CPU
		{E2A6EF92-D301-4FC7-9424-18893C3A2A0A}.Ad-Hoc|iPhone.ActiveCfg = Debug|Any CPU
		{E2A6EF92-D301-4FC7-9424-18893C3A2A0A}.Ad-Hoc|iPhone.Build.0 = Debug|Any CPU
		{E2A6EF92-D301-4FC7-9424-18893C3A2A0A}.Ad-Hoc|iPhoneSimulator.ActiveCfg = Debug|Any CPU
		{E2A6EF92-D301-4FC7-9424-18893C3A2A0A}.Ad-Hoc|iPhoneSimulator.Build.0 = Debug|Any CPU
		{E2A6EF92-D301-4FC7-9424-18893C3A2A0A}.Ad-Hoc|x64.ActiveCfg = Debug|Any CPU
		{E2A6EF92-D301-4FC7-9424-18893C3A2A0A}.Ad-Hoc|x64.Build.0 = Debug|Any CPU
		{E2A6EF92-D301-4FC7-9424-18893C3A2A0A}.Ad-Hoc|x86.ActiveCfg = Debug|Any CPU
		{E2A6EF92-D301-4FC7-9424-18893C3A2A0A}.Ad-Hoc|x86.Build.0 = Debug|Any CPU
		{E2A6EF92-D301-4FC7-9424-18893C3A2A0A}.AppStore|Any CPU.ActiveCfg = Debug|Any CPU
		{E2A6EF92-D301-4FC7-9424-18893C3A2A0A}.AppStore|Any CPU.Build.0 = Debug|Any CPU
		{E2A6EF92-D301-4FC7-9424-18893C3A2A0A}.AppStore|ARM.ActiveCfg = Debug|Any CPU
		{E2A6EF92-D301-4FC7-9424-18893C3A2A0A}.AppStore|ARM.Build.0 = Debug|Any CPU
		{E2A6EF92-D301-4FC7-9424-18893C3A2A0A}.AppStore|ARM64.ActiveCfg = Debug|Any CPU
		{E2A6EF92-D301-4FC7-9424-18893C3A2A0A}.AppStore|ARM64.Build.0 = Debug|Any CPU
		{E2A6EF92-D301-4FC7-9424-18893C3A2A0A}.AppStore|iPhone.ActiveCfg = Debug|Any CPU
		{E2A6EF92-D301-4FC7-9424-18893C3A2A0A}.AppStore|iPhone.Build.0 = Debug|Any CPU
		{E2A6EF92-D301-4FC7-9424-18893C3A2A0A}.AppStore|iPhoneSimulator.ActiveCfg = Debug|Any CPU
		{E2A6EF92-D301-4FC7-9424-18893C3A2A0A}.AppStore|iPhoneSimulator.Build.0 = Debug|Any CPU
		{E2A6EF92-D301-4FC7-9424-18893C3A2A0A}.AppStore|x64.ActiveCfg = Debug|Any CPU
		{E2A6EF92-D301-4FC7-9424-18893C3A2A0A}.AppStore|x64.Build.0 = Debug|Any CPU
		{E2A6EF92-D301-4FC7-9424-18893C3A2A0A}.AppStore|x86.ActiveCfg = Debug|Any CPU
		{E2A6EF92-D301-4FC7-9424-18893C3A2A0A}.AppStore|x86.Build.0 = Debug|Any CPU
		{E2A6EF92-D301-4FC7-9424-18893C3A2A0A}.Debug|Any CPU.ActiveCfg = Debug|Any CPU
		{E2A6EF92-D301-4FC7-9424-18893C3A2A0A}.Debug|Any CPU.Build.0 = Debug|Any CPU
		{E2A6EF92-D301-4FC7-9424-18893C3A2A0A}.Debug|ARM.ActiveCfg = Debug|Any CPU
		{E2A6EF92-D301-4FC7-9424-18893C3A2A0A}.Debug|ARM.Build.0 = Debug|Any CPU
		{E2A6EF92-D301-4FC7-9424-18893C3A2A0A}.Debug|ARM64.ActiveCfg = Debug|Any CPU
		{E2A6EF92-D301-4FC7-9424-18893C3A2A0A}.Debug|ARM64.Build.0 = Debug|Any CPU
		{E2A6EF92-D301-4FC7-9424-18893C3A2A0A}.Debug|iPhone.ActiveCfg = Debug|Any CPU
		{E2A6EF92-D301-4FC7-9424-18893C3A2A0A}.Debug|iPhone.Build.0 = Debug|Any CPU
		{E2A6EF92-D301-4FC7-9424-18893C3A2A0A}.Debug|iPhoneSimulator.ActiveCfg = Debug|Any CPU
		{E2A6EF92-D301-4FC7-9424-18893C3A2A0A}.Debug|iPhoneSimulator.Build.0 = Debug|Any CPU
		{E2A6EF92-D301-4FC7-9424-18893C3A2A0A}.Debug|x64.ActiveCfg = Debug|Any CPU
		{E2A6EF92-D301-4FC7-9424-18893C3A2A0A}.Debug|x64.Build.0 = Debug|Any CPU
		{E2A6EF92-D301-4FC7-9424-18893C3A2A0A}.Debug|x86.ActiveCfg = Debug|Any CPU
		{E2A6EF92-D301-4FC7-9424-18893C3A2A0A}.Debug|x86.Build.0 = Debug|Any CPU
		{E2A6EF92-D301-4FC7-9424-18893C3A2A0A}.Release|Any CPU.ActiveCfg = Release|Any CPU
		{E2A6EF92-D301-4FC7-9424-18893C3A2A0A}.Release|Any CPU.Build.0 = Release|Any CPU
		{E2A6EF92-D301-4FC7-9424-18893C3A2A0A}.Release|ARM.ActiveCfg = Release|Any CPU
		{E2A6EF92-D301-4FC7-9424-18893C3A2A0A}.Release|ARM.Build.0 = Release|Any CPU
		{E2A6EF92-D301-4FC7-9424-18893C3A2A0A}.Release|ARM64.ActiveCfg = Release|Any CPU
		{E2A6EF92-D301-4FC7-9424-18893C3A2A0A}.Release|ARM64.Build.0 = Release|Any CPU
		{E2A6EF92-D301-4FC7-9424-18893C3A2A0A}.Release|iPhone.ActiveCfg = Release|Any CPU
		{E2A6EF92-D301-4FC7-9424-18893C3A2A0A}.Release|iPhone.Build.0 = Release|Any CPU
		{E2A6EF92-D301-4FC7-9424-18893C3A2A0A}.Release|iPhoneSimulator.ActiveCfg = Release|Any CPU
		{E2A6EF92-D301-4FC7-9424-18893C3A2A0A}.Release|iPhoneSimulator.Build.0 = Release|Any CPU
		{E2A6EF92-D301-4FC7-9424-18893C3A2A0A}.Release|x64.ActiveCfg = Release|Any CPU
		{E2A6EF92-D301-4FC7-9424-18893C3A2A0A}.Release|x64.Build.0 = Release|Any CPU
		{E2A6EF92-D301-4FC7-9424-18893C3A2A0A}.Release|x86.ActiveCfg = Release|Any CPU
		{E2A6EF92-D301-4FC7-9424-18893C3A2A0A}.Release|x86.Build.0 = Release|Any CPU
		{9AF64FCE-A721-4D6E-8F17-0EF35E913CFC}.Ad-Hoc|Any CPU.ActiveCfg = Debug|Any CPU
		{9AF64FCE-A721-4D6E-8F17-0EF35E913CFC}.Ad-Hoc|Any CPU.Build.0 = Debug|Any CPU
		{9AF64FCE-A721-4D6E-8F17-0EF35E913CFC}.Ad-Hoc|Any CPU.Deploy.0 = Debug|Any CPU
		{9AF64FCE-A721-4D6E-8F17-0EF35E913CFC}.Ad-Hoc|ARM.ActiveCfg = Debug|Any CPU
		{9AF64FCE-A721-4D6E-8F17-0EF35E913CFC}.Ad-Hoc|ARM.Build.0 = Debug|Any CPU
		{9AF64FCE-A721-4D6E-8F17-0EF35E913CFC}.Ad-Hoc|ARM.Deploy.0 = Debug|Any CPU
		{9AF64FCE-A721-4D6E-8F17-0EF35E913CFC}.Ad-Hoc|ARM64.ActiveCfg = Debug|Any CPU
		{9AF64FCE-A721-4D6E-8F17-0EF35E913CFC}.Ad-Hoc|ARM64.Build.0 = Debug|Any CPU
		{9AF64FCE-A721-4D6E-8F17-0EF35E913CFC}.Ad-Hoc|ARM64.Deploy.0 = Debug|Any CPU
		{9AF64FCE-A721-4D6E-8F17-0EF35E913CFC}.Ad-Hoc|iPhone.ActiveCfg = Debug|Any CPU
		{9AF64FCE-A721-4D6E-8F17-0EF35E913CFC}.Ad-Hoc|iPhone.Build.0 = Debug|Any CPU
		{9AF64FCE-A721-4D6E-8F17-0EF35E913CFC}.Ad-Hoc|iPhone.Deploy.0 = Debug|Any CPU
		{9AF64FCE-A721-4D6E-8F17-0EF35E913CFC}.Ad-Hoc|iPhoneSimulator.ActiveCfg = Debug|Any CPU
		{9AF64FCE-A721-4D6E-8F17-0EF35E913CFC}.Ad-Hoc|iPhoneSimulator.Build.0 = Debug|Any CPU
		{9AF64FCE-A721-4D6E-8F17-0EF35E913CFC}.Ad-Hoc|iPhoneSimulator.Deploy.0 = Debug|Any CPU
		{9AF64FCE-A721-4D6E-8F17-0EF35E913CFC}.Ad-Hoc|x64.ActiveCfg = Debug|Any CPU
		{9AF64FCE-A721-4D6E-8F17-0EF35E913CFC}.Ad-Hoc|x64.Build.0 = Debug|Any CPU
		{9AF64FCE-A721-4D6E-8F17-0EF35E913CFC}.Ad-Hoc|x64.Deploy.0 = Debug|Any CPU
		{9AF64FCE-A721-4D6E-8F17-0EF35E913CFC}.Ad-Hoc|x86.ActiveCfg = Debug|Any CPU
		{9AF64FCE-A721-4D6E-8F17-0EF35E913CFC}.Ad-Hoc|x86.Build.0 = Debug|Any CPU
		{9AF64FCE-A721-4D6E-8F17-0EF35E913CFC}.Ad-Hoc|x86.Deploy.0 = Debug|Any CPU
		{9AF64FCE-A721-4D6E-8F17-0EF35E913CFC}.AppStore|Any CPU.ActiveCfg = Debug|Any CPU
		{9AF64FCE-A721-4D6E-8F17-0EF35E913CFC}.AppStore|Any CPU.Build.0 = Debug|Any CPU
		{9AF64FCE-A721-4D6E-8F17-0EF35E913CFC}.AppStore|Any CPU.Deploy.0 = Debug|Any CPU
		{9AF64FCE-A721-4D6E-8F17-0EF35E913CFC}.AppStore|ARM.ActiveCfg = Debug|Any CPU
		{9AF64FCE-A721-4D6E-8F17-0EF35E913CFC}.AppStore|ARM.Build.0 = Debug|Any CPU
		{9AF64FCE-A721-4D6E-8F17-0EF35E913CFC}.AppStore|ARM.Deploy.0 = Debug|Any CPU
		{9AF64FCE-A721-4D6E-8F17-0EF35E913CFC}.AppStore|ARM64.ActiveCfg = Debug|Any CPU
		{9AF64FCE-A721-4D6E-8F17-0EF35E913CFC}.AppStore|ARM64.Build.0 = Debug|Any CPU
		{9AF64FCE-A721-4D6E-8F17-0EF35E913CFC}.AppStore|ARM64.Deploy.0 = Debug|Any CPU
		{9AF64FCE-A721-4D6E-8F17-0EF35E913CFC}.AppStore|iPhone.ActiveCfg = Debug|Any CPU
		{9AF64FCE-A721-4D6E-8F17-0EF35E913CFC}.AppStore|iPhone.Build.0 = Debug|Any CPU
		{9AF64FCE-A721-4D6E-8F17-0EF35E913CFC}.AppStore|iPhone.Deploy.0 = Debug|Any CPU
		{9AF64FCE-A721-4D6E-8F17-0EF35E913CFC}.AppStore|iPhoneSimulator.ActiveCfg = Debug|Any CPU
		{9AF64FCE-A721-4D6E-8F17-0EF35E913CFC}.AppStore|iPhoneSimulator.Build.0 = Debug|Any CPU
		{9AF64FCE-A721-4D6E-8F17-0EF35E913CFC}.AppStore|iPhoneSimulator.Deploy.0 = Debug|Any CPU
		{9AF64FCE-A721-4D6E-8F17-0EF35E913CFC}.AppStore|x64.ActiveCfg = Debug|Any CPU
		{9AF64FCE-A721-4D6E-8F17-0EF35E913CFC}.AppStore|x64.Build.0 = Debug|Any CPU
		{9AF64FCE-A721-4D6E-8F17-0EF35E913CFC}.AppStore|x64.Deploy.0 = Debug|Any CPU
		{9AF64FCE-A721-4D6E-8F17-0EF35E913CFC}.AppStore|x86.ActiveCfg = Debug|Any CPU
		{9AF64FCE-A721-4D6E-8F17-0EF35E913CFC}.AppStore|x86.Build.0 = Debug|Any CPU
		{9AF64FCE-A721-4D6E-8F17-0EF35E913CFC}.AppStore|x86.Deploy.0 = Debug|Any CPU
		{9AF64FCE-A721-4D6E-8F17-0EF35E913CFC}.Debug|Any CPU.ActiveCfg = Debug|Any CPU
		{9AF64FCE-A721-4D6E-8F17-0EF35E913CFC}.Debug|Any CPU.Build.0 = Debug|Any CPU
		{9AF64FCE-A721-4D6E-8F17-0EF35E913CFC}.Debug|Any CPU.Deploy.0 = Debug|Any CPU
		{9AF64FCE-A721-4D6E-8F17-0EF35E913CFC}.Debug|ARM.ActiveCfg = Debug|Any CPU
		{9AF64FCE-A721-4D6E-8F17-0EF35E913CFC}.Debug|ARM.Build.0 = Debug|Any CPU
		{9AF64FCE-A721-4D6E-8F17-0EF35E913CFC}.Debug|ARM.Deploy.0 = Debug|Any CPU
		{9AF64FCE-A721-4D6E-8F17-0EF35E913CFC}.Debug|ARM64.ActiveCfg = Debug|Any CPU
		{9AF64FCE-A721-4D6E-8F17-0EF35E913CFC}.Debug|ARM64.Build.0 = Debug|Any CPU
		{9AF64FCE-A721-4D6E-8F17-0EF35E913CFC}.Debug|ARM64.Deploy.0 = Debug|Any CPU
		{9AF64FCE-A721-4D6E-8F17-0EF35E913CFC}.Debug|iPhone.ActiveCfg = Debug|Any CPU
		{9AF64FCE-A721-4D6E-8F17-0EF35E913CFC}.Debug|iPhone.Build.0 = Debug|Any CPU
		{9AF64FCE-A721-4D6E-8F17-0EF35E913CFC}.Debug|iPhone.Deploy.0 = Debug|Any CPU
		{9AF64FCE-A721-4D6E-8F17-0EF35E913CFC}.Debug|iPhoneSimulator.ActiveCfg = Debug|Any CPU
		{9AF64FCE-A721-4D6E-8F17-0EF35E913CFC}.Debug|iPhoneSimulator.Build.0 = Debug|Any CPU
		{9AF64FCE-A721-4D6E-8F17-0EF35E913CFC}.Debug|iPhoneSimulator.Deploy.0 = Debug|Any CPU
		{9AF64FCE-A721-4D6E-8F17-0EF35E913CFC}.Debug|x64.ActiveCfg = Debug|Any CPU
		{9AF64FCE-A721-4D6E-8F17-0EF35E913CFC}.Debug|x64.Build.0 = Debug|Any CPU
		{9AF64FCE-A721-4D6E-8F17-0EF35E913CFC}.Debug|x64.Deploy.0 = Debug|Any CPU
		{9AF64FCE-A721-4D6E-8F17-0EF35E913CFC}.Debug|x86.ActiveCfg = Debug|Any CPU
		{9AF64FCE-A721-4D6E-8F17-0EF35E913CFC}.Debug|x86.Build.0 = Debug|Any CPU
		{9AF64FCE-A721-4D6E-8F17-0EF35E913CFC}.Debug|x86.Deploy.0 = Debug|Any CPU
		{9AF64FCE-A721-4D6E-8F17-0EF35E913CFC}.Release|Any CPU.ActiveCfg = Release|Any CPU
		{9AF64FCE-A721-4D6E-8F17-0EF35E913CFC}.Release|Any CPU.Build.0 = Release|Any CPU
		{9AF64FCE-A721-4D6E-8F17-0EF35E913CFC}.Release|Any CPU.Deploy.0 = Release|Any CPU
		{9AF64FCE-A721-4D6E-8F17-0EF35E913CFC}.Release|ARM.ActiveCfg = Release|Any CPU
		{9AF64FCE-A721-4D6E-8F17-0EF35E913CFC}.Release|ARM.Build.0 = Release|Any CPU
		{9AF64FCE-A721-4D6E-8F17-0EF35E913CFC}.Release|ARM.Deploy.0 = Release|Any CPU
		{9AF64FCE-A721-4D6E-8F17-0EF35E913CFC}.Release|ARM64.ActiveCfg = Release|Any CPU
		{9AF64FCE-A721-4D6E-8F17-0EF35E913CFC}.Release|ARM64.Build.0 = Release|Any CPU
		{9AF64FCE-A721-4D6E-8F17-0EF35E913CFC}.Release|ARM64.Deploy.0 = Release|Any CPU
		{9AF64FCE-A721-4D6E-8F17-0EF35E913CFC}.Release|iPhone.ActiveCfg = Release|Any CPU
		{9AF64FCE-A721-4D6E-8F17-0EF35E913CFC}.Release|iPhone.Build.0 = Release|Any CPU
		{9AF64FCE-A721-4D6E-8F17-0EF35E913CFC}.Release|iPhone.Deploy.0 = Release|Any CPU
		{9AF64FCE-A721-4D6E-8F17-0EF35E913CFC}.Release|iPhoneSimulator.ActiveCfg = Release|Any CPU
		{9AF64FCE-A721-4D6E-8F17-0EF35E913CFC}.Release|iPhoneSimulator.Build.0 = Release|Any CPU
		{9AF64FCE-A721-4D6E-8F17-0EF35E913CFC}.Release|iPhoneSimulator.Deploy.0 = Release|Any CPU
		{9AF64FCE-A721-4D6E-8F17-0EF35E913CFC}.Release|x64.ActiveCfg = Release|Any CPU
		{9AF64FCE-A721-4D6E-8F17-0EF35E913CFC}.Release|x64.Build.0 = Release|Any CPU
		{9AF64FCE-A721-4D6E-8F17-0EF35E913CFC}.Release|x64.Deploy.0 = Release|Any CPU
		{9AF64FCE-A721-4D6E-8F17-0EF35E913CFC}.Release|x86.ActiveCfg = Release|Any CPU
		{9AF64FCE-A721-4D6E-8F17-0EF35E913CFC}.Release|x86.Build.0 = Release|Any CPU
		{9AF64FCE-A721-4D6E-8F17-0EF35E913CFC}.Release|x86.Deploy.0 = Release|Any CPU
		{F2AB12EB-203E-486C-A0FE-07D906872A59}.Ad-Hoc|Any CPU.ActiveCfg = Debug|Any CPU
		{F2AB12EB-203E-486C-A0FE-07D906872A59}.Ad-Hoc|Any CPU.Build.0 = Debug|Any CPU
		{F2AB12EB-203E-486C-A0FE-07D906872A59}.Ad-Hoc|ARM.ActiveCfg = Debug|Any CPU
		{F2AB12EB-203E-486C-A0FE-07D906872A59}.Ad-Hoc|ARM.Build.0 = Debug|Any CPU
		{F2AB12EB-203E-486C-A0FE-07D906872A59}.Ad-Hoc|ARM64.ActiveCfg = Debug|Any CPU
		{F2AB12EB-203E-486C-A0FE-07D906872A59}.Ad-Hoc|ARM64.Build.0 = Debug|Any CPU
		{F2AB12EB-203E-486C-A0FE-07D906872A59}.Ad-Hoc|iPhone.ActiveCfg = Debug|Any CPU
		{F2AB12EB-203E-486C-A0FE-07D906872A59}.Ad-Hoc|iPhone.Build.0 = Debug|Any CPU
		{F2AB12EB-203E-486C-A0FE-07D906872A59}.Ad-Hoc|iPhoneSimulator.ActiveCfg = Debug|Any CPU
		{F2AB12EB-203E-486C-A0FE-07D906872A59}.Ad-Hoc|iPhoneSimulator.Build.0 = Debug|Any CPU
		{F2AB12EB-203E-486C-A0FE-07D906872A59}.Ad-Hoc|x64.ActiveCfg = Debug|Any CPU
		{F2AB12EB-203E-486C-A0FE-07D906872A59}.Ad-Hoc|x64.Build.0 = Debug|Any CPU
		{F2AB12EB-203E-486C-A0FE-07D906872A59}.Ad-Hoc|x86.ActiveCfg = Debug|Any CPU
		{F2AB12EB-203E-486C-A0FE-07D906872A59}.Ad-Hoc|x86.Build.0 = Debug|Any CPU
		{F2AB12EB-203E-486C-A0FE-07D906872A59}.AppStore|Any CPU.ActiveCfg = Debug|Any CPU
		{F2AB12EB-203E-486C-A0FE-07D906872A59}.AppStore|Any CPU.Build.0 = Debug|Any CPU
		{F2AB12EB-203E-486C-A0FE-07D906872A59}.AppStore|ARM.ActiveCfg = Debug|Any CPU
		{F2AB12EB-203E-486C-A0FE-07D906872A59}.AppStore|ARM.Build.0 = Debug|Any CPU
		{F2AB12EB-203E-486C-A0FE-07D906872A59}.AppStore|ARM64.ActiveCfg = Debug|Any CPU
		{F2AB12EB-203E-486C-A0FE-07D906872A59}.AppStore|ARM64.Build.0 = Debug|Any CPU
		{F2AB12EB-203E-486C-A0FE-07D906872A59}.AppStore|iPhone.ActiveCfg = Debug|Any CPU
		{F2AB12EB-203E-486C-A0FE-07D906872A59}.AppStore|iPhone.Build.0 = Debug|Any CPU
		{F2AB12EB-203E-486C-A0FE-07D906872A59}.AppStore|iPhoneSimulator.ActiveCfg = Debug|Any CPU
		{F2AB12EB-203E-486C-A0FE-07D906872A59}.AppStore|iPhoneSimulator.Build.0 = Debug|Any CPU
		{F2AB12EB-203E-486C-A0FE-07D906872A59}.AppStore|x64.ActiveCfg = Debug|Any CPU
		{F2AB12EB-203E-486C-A0FE-07D906872A59}.AppStore|x64.Build.0 = Debug|Any CPU
		{F2AB12EB-203E-486C-A0FE-07D906872A59}.AppStore|x86.ActiveCfg = Debug|Any CPU
		{F2AB12EB-203E-486C-A0FE-07D906872A59}.AppStore|x86.Build.0 = Debug|Any CPU
		{F2AB12EB-203E-486C-A0FE-07D906872A59}.Debug|Any CPU.ActiveCfg = Debug|Any CPU
		{F2AB12EB-203E-486C-A0FE-07D906872A59}.Debug|Any CPU.Build.0 = Debug|Any CPU
		{F2AB12EB-203E-486C-A0FE-07D906872A59}.Debug|ARM.ActiveCfg = Debug|Any CPU
		{F2AB12EB-203E-486C-A0FE-07D906872A59}.Debug|ARM.Build.0 = Debug|Any CPU
		{F2AB12EB-203E-486C-A0FE-07D906872A59}.Debug|ARM64.ActiveCfg = Debug|Any CPU
		{F2AB12EB-203E-486C-A0FE-07D906872A59}.Debug|ARM64.Build.0 = Debug|Any CPU
		{F2AB12EB-203E-486C-A0FE-07D906872A59}.Debug|iPhone.ActiveCfg = Debug|Any CPU
		{F2AB12EB-203E-486C-A0FE-07D906872A59}.Debug|iPhone.Build.0 = Debug|Any CPU
		{F2AB12EB-203E-486C-A0FE-07D906872A59}.Debug|iPhoneSimulator.ActiveCfg = Debug|Any CPU
		{F2AB12EB-203E-486C-A0FE-07D906872A59}.Debug|iPhoneSimulator.Build.0 = Debug|Any CPU
		{F2AB12EB-203E-486C-A0FE-07D906872A59}.Debug|x64.ActiveCfg = Debug|Any CPU
		{F2AB12EB-203E-486C-A0FE-07D906872A59}.Debug|x64.Build.0 = Debug|Any CPU
		{F2AB12EB-203E-486C-A0FE-07D906872A59}.Debug|x86.ActiveCfg = Debug|Any CPU
		{F2AB12EB-203E-486C-A0FE-07D906872A59}.Debug|x86.Build.0 = Debug|Any CPU
		{F2AB12EB-203E-486C-A0FE-07D906872A59}.Release|Any CPU.ActiveCfg = Release|Any CPU
		{F2AB12EB-203E-486C-A0FE-07D906872A59}.Release|Any CPU.Build.0 = Release|Any CPU
		{F2AB12EB-203E-486C-A0FE-07D906872A59}.Release|ARM.ActiveCfg = Release|Any CPU
		{F2AB12EB-203E-486C-A0FE-07D906872A59}.Release|ARM.Build.0 = Release|Any CPU
		{F2AB12EB-203E-486C-A0FE-07D906872A59}.Release|ARM64.ActiveCfg = Release|Any CPU
		{F2AB12EB-203E-486C-A0FE-07D906872A59}.Release|ARM64.Build.0 = Release|Any CPU
		{F2AB12EB-203E-486C-A0FE-07D906872A59}.Release|iPhone.ActiveCfg = Release|Any CPU
		{F2AB12EB-203E-486C-A0FE-07D906872A59}.Release|iPhone.Build.0 = Release|Any CPU
		{F2AB12EB-203E-486C-A0FE-07D906872A59}.Release|iPhoneSimulator.ActiveCfg = Release|Any CPU
		{F2AB12EB-203E-486C-A0FE-07D906872A59}.Release|iPhoneSimulator.Build.0 = Release|Any CPU
		{F2AB12EB-203E-486C-A0FE-07D906872A59}.Release|x64.ActiveCfg = Release|Any CPU
		{F2AB12EB-203E-486C-A0FE-07D906872A59}.Release|x64.Build.0 = Release|Any CPU
		{F2AB12EB-203E-486C-A0FE-07D906872A59}.Release|x86.ActiveCfg = Release|Any CPU
		{F2AB12EB-203E-486C-A0FE-07D906872A59}.Release|x86.Build.0 = Release|Any CPU
		{1445D31D-45EA-4B70-89A0-34DCF930CA3E}.Ad-Hoc|Any CPU.ActiveCfg = Debug|Any CPU
		{1445D31D-45EA-4B70-89A0-34DCF930CA3E}.Ad-Hoc|Any CPU.Build.0 = Debug|Any CPU
		{1445D31D-45EA-4B70-89A0-34DCF930CA3E}.Ad-Hoc|Any CPU.Deploy.0 = Debug|Any CPU
		{1445D31D-45EA-4B70-89A0-34DCF930CA3E}.Ad-Hoc|ARM.ActiveCfg = Debug|ARM
		{1445D31D-45EA-4B70-89A0-34DCF930CA3E}.Ad-Hoc|ARM.Build.0 = Debug|ARM
		{1445D31D-45EA-4B70-89A0-34DCF930CA3E}.Ad-Hoc|ARM.Deploy.0 = Debug|ARM
		{1445D31D-45EA-4B70-89A0-34DCF930CA3E}.Ad-Hoc|ARM64.ActiveCfg = Debug|ARM64
		{1445D31D-45EA-4B70-89A0-34DCF930CA3E}.Ad-Hoc|ARM64.Build.0 = Debug|ARM64
		{1445D31D-45EA-4B70-89A0-34DCF930CA3E}.Ad-Hoc|ARM64.Deploy.0 = Debug|ARM64
		{1445D31D-45EA-4B70-89A0-34DCF930CA3E}.Ad-Hoc|iPhone.ActiveCfg = Debug|Any CPU
		{1445D31D-45EA-4B70-89A0-34DCF930CA3E}.Ad-Hoc|iPhone.Build.0 = Debug|Any CPU
		{1445D31D-45EA-4B70-89A0-34DCF930CA3E}.Ad-Hoc|iPhone.Deploy.0 = Debug|Any CPU
		{1445D31D-45EA-4B70-89A0-34DCF930CA3E}.Ad-Hoc|iPhoneSimulator.ActiveCfg = Debug|Any CPU
		{1445D31D-45EA-4B70-89A0-34DCF930CA3E}.Ad-Hoc|iPhoneSimulator.Build.0 = Debug|Any CPU
		{1445D31D-45EA-4B70-89A0-34DCF930CA3E}.Ad-Hoc|iPhoneSimulator.Deploy.0 = Debug|Any CPU
		{1445D31D-45EA-4B70-89A0-34DCF930CA3E}.Ad-Hoc|x64.ActiveCfg = Debug|x64
		{1445D31D-45EA-4B70-89A0-34DCF930CA3E}.Ad-Hoc|x64.Build.0 = Debug|x64
		{1445D31D-45EA-4B70-89A0-34DCF930CA3E}.Ad-Hoc|x64.Deploy.0 = Debug|x64
		{1445D31D-45EA-4B70-89A0-34DCF930CA3E}.Ad-Hoc|x86.ActiveCfg = Debug|x86
		{1445D31D-45EA-4B70-89A0-34DCF930CA3E}.Ad-Hoc|x86.Build.0 = Debug|x86
		{1445D31D-45EA-4B70-89A0-34DCF930CA3E}.Ad-Hoc|x86.Deploy.0 = Debug|x86
		{1445D31D-45EA-4B70-89A0-34DCF930CA3E}.AppStore|Any CPU.ActiveCfg = Debug|Any CPU
		{1445D31D-45EA-4B70-89A0-34DCF930CA3E}.AppStore|Any CPU.Build.0 = Debug|Any CPU
		{1445D31D-45EA-4B70-89A0-34DCF930CA3E}.AppStore|Any CPU.Deploy.0 = Debug|Any CPU
		{1445D31D-45EA-4B70-89A0-34DCF930CA3E}.AppStore|ARM.ActiveCfg = Debug|ARM
		{1445D31D-45EA-4B70-89A0-34DCF930CA3E}.AppStore|ARM.Build.0 = Debug|ARM
		{1445D31D-45EA-4B70-89A0-34DCF930CA3E}.AppStore|ARM.Deploy.0 = Debug|ARM
		{1445D31D-45EA-4B70-89A0-34DCF930CA3E}.AppStore|ARM64.ActiveCfg = Debug|ARM64
		{1445D31D-45EA-4B70-89A0-34DCF930CA3E}.AppStore|ARM64.Build.0 = Debug|ARM64
		{1445D31D-45EA-4B70-89A0-34DCF930CA3E}.AppStore|ARM64.Deploy.0 = Debug|ARM64
		{1445D31D-45EA-4B70-89A0-34DCF930CA3E}.AppStore|iPhone.ActiveCfg = Debug|Any CPU
		{1445D31D-45EA-4B70-89A0-34DCF930CA3E}.AppStore|iPhone.Build.0 = Debug|Any CPU
		{1445D31D-45EA-4B70-89A0-34DCF930CA3E}.AppStore|iPhone.Deploy.0 = Debug|Any CPU
		{1445D31D-45EA-4B70-89A0-34DCF930CA3E}.AppStore|iPhoneSimulator.ActiveCfg = Debug|Any CPU
		{1445D31D-45EA-4B70-89A0-34DCF930CA3E}.AppStore|iPhoneSimulator.Build.0 = Debug|Any CPU
		{1445D31D-45EA-4B70-89A0-34DCF930CA3E}.AppStore|iPhoneSimulator.Deploy.0 = Debug|Any CPU
		{1445D31D-45EA-4B70-89A0-34DCF930CA3E}.AppStore|x64.ActiveCfg = Debug|x64
		{1445D31D-45EA-4B70-89A0-34DCF930CA3E}.AppStore|x64.Build.0 = Debug|x64
		{1445D31D-45EA-4B70-89A0-34DCF930CA3E}.AppStore|x64.Deploy.0 = Debug|x64
		{1445D31D-45EA-4B70-89A0-34DCF930CA3E}.AppStore|x86.ActiveCfg = Debug|x86
		{1445D31D-45EA-4B70-89A0-34DCF930CA3E}.AppStore|x86.Build.0 = Debug|x86
		{1445D31D-45EA-4B70-89A0-34DCF930CA3E}.AppStore|x86.Deploy.0 = Debug|x86
		{1445D31D-45EA-4B70-89A0-34DCF930CA3E}.Debug|Any CPU.ActiveCfg = Debug|Any CPU
		{1445D31D-45EA-4B70-89A0-34DCF930CA3E}.Debug|Any CPU.Build.0 = Debug|Any CPU
		{1445D31D-45EA-4B70-89A0-34DCF930CA3E}.Debug|Any CPU.Deploy.0 = Debug|Any CPU
		{1445D31D-45EA-4B70-89A0-34DCF930CA3E}.Debug|ARM.ActiveCfg = Debug|ARM
		{1445D31D-45EA-4B70-89A0-34DCF930CA3E}.Debug|ARM.Build.0 = Debug|ARM
		{1445D31D-45EA-4B70-89A0-34DCF930CA3E}.Debug|ARM.Deploy.0 = Debug|ARM
		{1445D31D-45EA-4B70-89A0-34DCF930CA3E}.Debug|ARM64.ActiveCfg = Debug|ARM64
		{1445D31D-45EA-4B70-89A0-34DCF930CA3E}.Debug|ARM64.Build.0 = Debug|ARM64
		{1445D31D-45EA-4B70-89A0-34DCF930CA3E}.Debug|ARM64.Deploy.0 = Debug|ARM64
		{1445D31D-45EA-4B70-89A0-34DCF930CA3E}.Debug|iPhone.ActiveCfg = Debug|Any CPU
		{1445D31D-45EA-4B70-89A0-34DCF930CA3E}.Debug|iPhone.Build.0 = Debug|Any CPU
		{1445D31D-45EA-4B70-89A0-34DCF930CA3E}.Debug|iPhone.Deploy.0 = Debug|Any CPU
		{1445D31D-45EA-4B70-89A0-34DCF930CA3E}.Debug|iPhoneSimulator.ActiveCfg = Debug|Any CPU
		{1445D31D-45EA-4B70-89A0-34DCF930CA3E}.Debug|iPhoneSimulator.Build.0 = Debug|Any CPU
		{1445D31D-45EA-4B70-89A0-34DCF930CA3E}.Debug|iPhoneSimulator.Deploy.0 = Debug|Any CPU
		{1445D31D-45EA-4B70-89A0-34DCF930CA3E}.Debug|x64.ActiveCfg = Debug|x64
		{1445D31D-45EA-4B70-89A0-34DCF930CA3E}.Debug|x64.Build.0 = Debug|x64
		{1445D31D-45EA-4B70-89A0-34DCF930CA3E}.Debug|x64.Deploy.0 = Debug|x64
		{1445D31D-45EA-4B70-89A0-34DCF930CA3E}.Debug|x86.ActiveCfg = Debug|x86
		{1445D31D-45EA-4B70-89A0-34DCF930CA3E}.Debug|x86.Build.0 = Debug|x86
		{1445D31D-45EA-4B70-89A0-34DCF930CA3E}.Debug|x86.Deploy.0 = Debug|x86
		{1445D31D-45EA-4B70-89A0-34DCF930CA3E}.Release|Any CPU.ActiveCfg = Release|Any CPU
		{1445D31D-45EA-4B70-89A0-34DCF930CA3E}.Release|Any CPU.Build.0 = Release|Any CPU
		{1445D31D-45EA-4B70-89A0-34DCF930CA3E}.Release|Any CPU.Deploy.0 = Release|Any CPU
		{1445D31D-45EA-4B70-89A0-34DCF930CA3E}.Release|ARM.ActiveCfg = Release|ARM
		{1445D31D-45EA-4B70-89A0-34DCF930CA3E}.Release|ARM.Build.0 = Release|ARM
		{1445D31D-45EA-4B70-89A0-34DCF930CA3E}.Release|ARM.Deploy.0 = Release|ARM
		{1445D31D-45EA-4B70-89A0-34DCF930CA3E}.Release|ARM64.ActiveCfg = Release|ARM64
		{1445D31D-45EA-4B70-89A0-34DCF930CA3E}.Release|ARM64.Build.0 = Release|ARM64
		{1445D31D-45EA-4B70-89A0-34DCF930CA3E}.Release|ARM64.Deploy.0 = Release|ARM64
		{1445D31D-45EA-4B70-89A0-34DCF930CA3E}.Release|iPhone.ActiveCfg = Release|Any CPU
		{1445D31D-45EA-4B70-89A0-34DCF930CA3E}.Release|iPhone.Build.0 = Release|Any CPU
		{1445D31D-45EA-4B70-89A0-34DCF930CA3E}.Release|iPhone.Deploy.0 = Release|Any CPU
		{1445D31D-45EA-4B70-89A0-34DCF930CA3E}.Release|iPhoneSimulator.ActiveCfg = Release|Any CPU
		{1445D31D-45EA-4B70-89A0-34DCF930CA3E}.Release|iPhoneSimulator.Build.0 = Release|Any CPU
		{1445D31D-45EA-4B70-89A0-34DCF930CA3E}.Release|iPhoneSimulator.Deploy.0 = Release|Any CPU
		{1445D31D-45EA-4B70-89A0-34DCF930CA3E}.Release|x64.ActiveCfg = Release|x64
		{1445D31D-45EA-4B70-89A0-34DCF930CA3E}.Release|x64.Build.0 = Release|x64
		{1445D31D-45EA-4B70-89A0-34DCF930CA3E}.Release|x64.Deploy.0 = Release|x64
		{1445D31D-45EA-4B70-89A0-34DCF930CA3E}.Release|x86.ActiveCfg = Release|x86
		{1445D31D-45EA-4B70-89A0-34DCF930CA3E}.Release|x86.Build.0 = Release|x86
		{1445D31D-45EA-4B70-89A0-34DCF930CA3E}.Release|x86.Deploy.0 = Release|x86
	EndGlobalSection
	GlobalSection(SolutionProperties) = preSolution
		HideSolutionNode = FALSE
	EndGlobalSection
	GlobalSection(NestedProjects) = preSolution
		{6016B78D-46AD-4771-9479-77B5ACACCA68} = {548E69C8-06E8-4A4C-B075-D14A7BD0FE90}
		{D21DC722-EAAD-4B94-94D1-F74403DD70FE} = {548E69C8-06E8-4A4C-B075-D14A7BD0FE90}
		{E2A6EF92-D301-4FC7-9424-18893C3A2A0A} = {548E69C8-06E8-4A4C-B075-D14A7BD0FE90}
		{9AF64FCE-A721-4D6E-8F17-0EF35E913CFC} = {548E69C8-06E8-4A4C-B075-D14A7BD0FE90}
		{F2AB12EB-203E-486C-A0FE-07D906872A59} = {548E69C8-06E8-4A4C-B075-D14A7BD0FE90}
		{1445D31D-45EA-4B70-89A0-34DCF930CA3E} = {548E69C8-06E8-4A4C-B075-D14A7BD0FE90}
	EndGlobalSection
	GlobalSection(ExtensibilityGlobals) = postSolution
		SolutionGuid = {8CBA0AA9-6D56-474D-BD77-383E7237042A}
	EndGlobalSection
	GlobalSection(SharedMSBuildProjectFiles) = preSolution
		TCDI\TemplatedContentDialogIssue.Shared\TemplatedContentDialogIssue.Shared.projitems*{1445d31d-45ea-4b70-89a0-34dcf930ca3e}*SharedItemsImports = 4
		TCDI\TemplatedContentDialogIssue.Shared\TemplatedContentDialogIssue.Shared.projitems*{6279c845-92f8-4333-ab99-3d213163593c}*SharedItemsImports = 13
		TCDI\TemplatedContentDialogIssue.Shared\TemplatedContentDialogIssue.Shared.projitems*{9af64fce-a721-4d6e-8f17-0ef35e913cfc}*SharedItemsImports = 5
		TCDI\TemplatedContentDialogIssue.Shared\TemplatedContentDialogIssue.Shared.projitems*{d21dc722-eaad-4b94-94d1-f74403dd70fe}*SharedItemsImports = 5
		TCDI\TemplatedContentDialogIssue.Shared\TemplatedContentDialogIssue.Shared.projitems*{e2a6ef92-d301-4fc7-9424-18893c3a2a0a}*SharedItemsImports = 5
		TCDI\TemplatedContentDialogIssue.Shared\TemplatedContentDialogIssue.Shared.projitems*{f2ab12eb-203e-486c-a0fe-07d906872a59}*SharedItemsImports = 5
	EndGlobalSection
EndGlobal
